// !$*UTF8*$!
{
	archiveVersion = 1;
	classes = {
	};
	objectVersion = 46;
	objects = {

/* Begin PBXBuildFile section */
		8F0AEF8E1BF84EF9008B25C6 /* MedicineDetailCustomCell.swift in Sources */ = {isa = PBXBuildFile; fileRef = 8F0AEF8C1BF84EF9008B25C6 /* MedicineDetailCustomCell.swift */; settings = {ASSET_TAGS = (); }; };
		8F0AEF8F1BF84EF9008B25C6 /* MedicineDetailCustomCell.xib in Resources */ = {isa = PBXBuildFile; fileRef = 8F0AEF8D1BF84EF9008B25C6 /* MedicineDetailCustomCell.xib */; settings = {ASSET_TAGS = (); }; };
		8F0AEF931BF865AD008B25C6 /* MedicineImageCustomCell.swift in Sources */ = {isa = PBXBuildFile; fileRef = 8F0AEF911BF865AD008B25C6 /* MedicineImageCustomCell.swift */; settings = {ASSET_TAGS = (); }; };
		8F0AEF941BF865AD008B25C6 /* MedicineImageCustomCell.xib in Resources */ = {isa = PBXBuildFile; fileRef = 8F0AEF921BF865AD008B25C6 /* MedicineImageCustomCell.xib */; settings = {ASSET_TAGS = (); }; };
		8F0AEF971BF93966008B25C6 /* MedicineAddAlarmButtonCell.swift in Sources */ = {isa = PBXBuildFile; fileRef = 8F0AEF951BF93966008B25C6 /* MedicineAddAlarmButtonCell.swift */; settings = {ASSET_TAGS = (); }; };
		8F0AEF981BF93966008B25C6 /* MedicineAddAlarmButtonCell.xib in Resources */ = {isa = PBXBuildFile; fileRef = 8F0AEF961BF93966008B25C6 /* MedicineAddAlarmButtonCell.xib */; settings = {ASSET_TAGS = (); }; };
		8F0AEF9B1BF93A0A008B25C6 /* MedicineDeleteButtonCell.swift in Sources */ = {isa = PBXBuildFile; fileRef = 8F0AEF991BF93A0A008B25C6 /* MedicineDeleteButtonCell.swift */; settings = {ASSET_TAGS = (); }; };
		8F0AEF9C1BF93A0A008B25C6 /* MedicineDeleteButtonCell.xib in Resources */ = {isa = PBXBuildFile; fileRef = 8F0AEF9A1BF93A0A008B25C6 /* MedicineDeleteButtonCell.xib */; settings = {ASSET_TAGS = (); }; };
		8F0AEF9E1BF971C9008B25C6 /* AddNewProfileViewController.swift in Sources */ = {isa = PBXBuildFile; fileRef = 8F0AEF9D1BF971C9008B25C6 /* AddNewProfileViewController.swift */; settings = {ASSET_TAGS = (); }; };
		8F0AEFA01BF993D4008B25C6 /* SettingsTableViewController.swift in Sources */ = {isa = PBXBuildFile; fileRef = 8F0AEF9F1BF993D4008B25C6 /* SettingsTableViewController.swift */; settings = {ASSET_TAGS = (); }; };
		8F0AEFAB1BF995F0008B25C6 /* SettingsProfileImageCustomCell.swift in Sources */ = {isa = PBXBuildFile; fileRef = 8F0AEFA91BF995F0008B25C6 /* SettingsProfileImageCustomCell.swift */; settings = {ASSET_TAGS = (); }; };
		8F0AEFAC1BF995F0008B25C6 /* SettingsProfileImageCustomCell.xib in Resources */ = {isa = PBXBuildFile; fileRef = 8F0AEFAA1BF995F0008B25C6 /* SettingsProfileImageCustomCell.xib */; settings = {ASSET_TAGS = (); }; };
		8F0AEFAF1BF99604008B25C6 /* SettingsProfileDeleteCustomCell.swift in Sources */ = {isa = PBXBuildFile; fileRef = 8F0AEFAD1BF99604008B25C6 /* SettingsProfileDeleteCustomCell.swift */; settings = {ASSET_TAGS = (); }; };
		8F0AEFB01BF99604008B25C6 /* SettingsProfileDeleteCustomCell.xib in Resources */ = {isa = PBXBuildFile; fileRef = 8F0AEFAE1BF99604008B25C6 /* SettingsProfileDeleteCustomCell.xib */; settings = {ASSET_TAGS = (); }; };
		8F39005A1BF05DB1006B2C04 /* AddNormalAlarmViewController.swift in Sources */ = {isa = PBXBuildFile; fileRef = 8F3900591BF05DB1006B2C04 /* AddNormalAlarmViewController.swift */; settings = {ASSET_TAGS = (); }; };
		8F39005C1BF05DC9006B2C04 /* AddIntervalAlarmViewController.swift in Sources */ = {isa = PBXBuildFile; fileRef = 8F39005B1BF05DC9006B2C04 /* AddIntervalAlarmViewController.swift */; settings = {ASSET_TAGS = (); }; };
		8F6BA6871BE8064B00ED6120 /* Images.xcassets in Resources */ = {isa = PBXBuildFile; fileRef = 8F6BA6861BE8064B00ED6120 /* Images.xcassets */; settings = {ASSET_TAGS = (); }; };
		8F6BA6891BE8398400ED6120 /* AddMedicineNameAndTypeViewController.swift in Sources */ = {isa = PBXBuildFile; fileRef = 8F6BA6881BE8398400ED6120 /* AddMedicineNameAndTypeViewController.swift */; settings = {ASSET_TAGS = (); }; };
		8F6BA68B1BE83F1200ED6120 /* AddMedicineDosageViewController.swift in Sources */ = {isa = PBXBuildFile; fileRef = 8F6BA68A1BE83F1200ED6120 /* AddMedicineDosageViewController.swift */; settings = {ASSET_TAGS = (); }; };
		8F81EAAF1BD962D1001C2160 /* ProfileCustomCell.swift in Sources */ = {isa = PBXBuildFile; fileRef = 8F81EAAD1BD962D1001C2160 /* ProfileCustomCell.swift */; settings = {ASSET_TAGS = (); }; };
		8F81EAB01BD962D1001C2160 /* ProfileCustomCell.xib in Resources */ = {isa = PBXBuildFile; fileRef = 8F81EAAE1BD962D1001C2160 /* ProfileCustomCell.xib */; settings = {ASSET_TAGS = (); }; };
		8F81EAB21BD9D5A3001C2160 /* ProfileDetailScreen.swift in Sources */ = {isa = PBXBuildFile; fileRef = 8F81EAB11BD9D5A3001C2160 /* ProfileDetailScreen.swift */; settings = {ASSET_TAGS = (); }; };
		8F85D4701BF19D4B00555FD0 /* Alarm+CoreDataProperties.swift in Sources */ = {isa = PBXBuildFile; fileRef = 8F85D46E1BF19D4B00555FD0 /* Alarm+CoreDataProperties.swift */; settings = {ASSET_TAGS = (); }; };
		8F85D4711BF19D4B00555FD0 /* Alarm.swift in Sources */ = {isa = PBXBuildFile; fileRef = 8F85D46F1BF19D4B00555FD0 /* Alarm.swift */; settings = {ASSET_TAGS = (); }; };
		8F8E473A1BC22BA30021E93A /* AppDelegate.swift in Sources */ = {isa = PBXBuildFile; fileRef = 8F8E47391BC22BA30021E93A /* AppDelegate.swift */; };
		8F8E473C1BC22BA30021E93A /* ProfileViewController.swift in Sources */ = {isa = PBXBuildFile; fileRef = 8F8E473B1BC22BA30021E93A /* ProfileViewController.swift */; };
		8F8E473E1BC22BA30021E93A /* AlarmsViewController.swift in Sources */ = {isa = PBXBuildFile; fileRef = 8F8E473D1BC22BA30021E93A /* AlarmsViewController.swift */; };
		8F8E47411BC22BA30021E93A /* Main.storyboard in Resources */ = {isa = PBXBuildFile; fileRef = 8F8E473F1BC22BA30021E93A /* Main.storyboard */; };
		8F8E47461BC22BA30021E93A /* LaunchScreen.storyboard in Resources */ = {isa = PBXBuildFile; fileRef = 8F8E47441BC22BA30021E93A /* LaunchScreen.storyboard */; };
		8F8E47511BC22BA30021E93A /* MedKeeperTests.swift in Sources */ = {isa = PBXBuildFile; fileRef = 8F8E47501BC22BA30021E93A /* MedKeeperTests.swift */; };
		8F8E475C1BC22BA30021E93A /* MedKeeperUITests.swift in Sources */ = {isa = PBXBuildFile; fileRef = 8F8E475B1BC22BA30021E93A /* MedKeeperUITests.swift */; };
		8F9107961BD745DF001DD4C3 /* NormalAlarmCustomCell.swift in Sources */ = {isa = PBXBuildFile; fileRef = 8F9107941BD745DF001DD4C3 /* NormalAlarmCustomCell.swift */; settings = {ASSET_TAGS = (); }; };
		8F9107971BD745DF001DD4C3 /* NormalAlarmCustomCell.xib in Resources */ = {isa = PBXBuildFile; fileRef = 8F9107951BD745DF001DD4C3 /* NormalAlarmCustomCell.xib */; settings = {ASSET_TAGS = (); }; };
		8F95F3B01BDF2EED00063281 /* PatientProfile+CoreDataProperties.swift in Sources */ = {isa = PBXBuildFile; fileRef = 8F95F3AE1BDF2EED00063281 /* PatientProfile+CoreDataProperties.swift */; settings = {ASSET_TAGS = (); }; };
		8F95F3B11BDF2EED00063281 /* PatientProfile.swift in Sources */ = {isa = PBXBuildFile; fileRef = 8F95F3AF1BDF2EED00063281 /* PatientProfile.swift */; settings = {ASSET_TAGS = (); }; };
		8F9C2DAC1BEC3BF2009DF37E /* MedicineHeaderCustomCell.swift in Sources */ = {isa = PBXBuildFile; fileRef = 8F9C2DAA1BEC3BF2009DF37E /* MedicineHeaderCustomCell.swift */; settings = {ASSET_TAGS = (); }; };
		8F9C2DAD1BEC3BF2009DF37E /* MedicineHeaderCustomCell.xib in Resources */ = {isa = PBXBuildFile; fileRef = 8F9C2DAB1BEC3BF2009DF37E /* MedicineHeaderCustomCell.xib */; settings = {ASSET_TAGS = (); }; };
		8F9C2DB01BEC3C25009DF37E /* AlarmsCustomCell.swift in Sources */ = {isa = PBXBuildFile; fileRef = 8F9C2DAE1BEC3C25009DF37E /* AlarmsCustomCell.swift */; settings = {ASSET_TAGS = (); }; };
		8F9C2DB11BEC3C25009DF37E /* AlarmsCustomCell.xib in Resources */ = {isa = PBXBuildFile; fileRef = 8F9C2DAF1BEC3C25009DF37E /* AlarmsCustomCell.xib */; settings = {ASSET_TAGS = (); }; };
		8F9C2DB41BEC6A4D009DF37E /* Medicine+CoreDataProperties.swift in Sources */ = {isa = PBXBuildFile; fileRef = 8F9C2DB21BEC6A4D009DF37E /* Medicine+CoreDataProperties.swift */; settings = {ASSET_TAGS = (); }; };
		8F9C2DB51BEC6A4D009DF37E /* Medicine.swift in Sources */ = {isa = PBXBuildFile; fileRef = 8F9C2DB31BEC6A4D009DF37E /* Medicine.swift */; settings = {ASSET_TAGS = (); }; };
		8F9C2DB91BEDA6FA009DF37E /* MedicineDetailViewController.swift in Sources */ = {isa = PBXBuildFile; fileRef = 8F9C2DB81BEDA6FA009DF37E /* MedicineDetailViewController.swift */; settings = {ASSET_TAGS = (); }; };
		8F9C2DBB1BEEF9DD009DF37E /* AddAlarmTypeViewController.swift in Sources */ = {isa = PBXBuildFile; fileRef = 8F9C2DBA1BEEF9DD009DF37E /* AddAlarmTypeViewController.swift */; settings = {ASSET_TAGS = (); }; };
		8FDF4D881BDC917D00F1FA31 /* DataModel.xcdatamodeld in Sources */ = {isa = PBXBuildFile; fileRef = 8FDF4D861BDC917D00F1FA31 /* DataModel.xcdatamodeld */; settings = {ASSET_TAGS = (); }; };
		8FE319961BF6D9C200DFE96A /* NoAlarmsCustomCell.swift in Sources */ = {isa = PBXBuildFile; fileRef = 8FE319941BF6D9C200DFE96A /* NoAlarmsCustomCell.swift */; settings = {ASSET_TAGS = (); }; };
		8FE319971BF6D9C200DFE96A /* NoAlarmsCustomCell.xib in Resources */ = {isa = PBXBuildFile; fileRef = 8FE319951BF6D9C200DFE96A /* NoAlarmsCustomCell.xib */; settings = {ASSET_TAGS = (); }; };
/* End PBXBuildFile section */

/* Begin PBXContainerItemProxy section */
		8F8E474D1BC22BA30021E93A /* PBXContainerItemProxy */ = {
			isa = PBXContainerItemProxy;
			containerPortal = 8F8E472E1BC22BA30021E93A /* Project object */;
			proxyType = 1;
			remoteGlobalIDString = 8F8E47351BC22BA30021E93A;
			remoteInfo = MedKeeper;
		};
		8F8E47581BC22BA30021E93A /* PBXContainerItemProxy */ = {
			isa = PBXContainerItemProxy;
			containerPortal = 8F8E472E1BC22BA30021E93A /* Project object */;
			proxyType = 1;
			remoteGlobalIDString = 8F8E47351BC22BA30021E93A;
			remoteInfo = MedKeeper;
		};
/* End PBXContainerItemProxy section */

/* Begin PBXFileReference section */
		8F0AEF8C1BF84EF9008B25C6 /* MedicineDetailCustomCell.swift */ = {isa = PBXFileReference; fileEncoding = 4; lastKnownFileType = sourcecode.swift; path = MedicineDetailCustomCell.swift; sourceTree = "<group>"; };
		8F0AEF8D1BF84EF9008B25C6 /* MedicineDetailCustomCell.xib */ = {isa = PBXFileReference; fileEncoding = 4; lastKnownFileType = file.xib; path = MedicineDetailCustomCell.xib; sourceTree = "<group>"; };
		8F0AEF911BF865AD008B25C6 /* MedicineImageCustomCell.swift */ = {isa = PBXFileReference; fileEncoding = 4; lastKnownFileType = sourcecode.swift; path = MedicineImageCustomCell.swift; sourceTree = "<group>"; };
		8F0AEF921BF865AD008B25C6 /* MedicineImageCustomCell.xib */ = {isa = PBXFileReference; fileEncoding = 4; lastKnownFileType = file.xib; path = MedicineImageCustomCell.xib; sourceTree = "<group>"; };
		8F0AEF951BF93966008B25C6 /* MedicineAddAlarmButtonCell.swift */ = {isa = PBXFileReference; fileEncoding = 4; lastKnownFileType = sourcecode.swift; path = MedicineAddAlarmButtonCell.swift; sourceTree = "<group>"; };
		8F0AEF961BF93966008B25C6 /* MedicineAddAlarmButtonCell.xib */ = {isa = PBXFileReference; fileEncoding = 4; lastKnownFileType = file.xib; path = MedicineAddAlarmButtonCell.xib; sourceTree = "<group>"; };
		8F0AEF991BF93A0A008B25C6 /* MedicineDeleteButtonCell.swift */ = {isa = PBXFileReference; fileEncoding = 4; lastKnownFileType = sourcecode.swift; path = MedicineDeleteButtonCell.swift; sourceTree = "<group>"; };
		8F0AEF9A1BF93A0A008B25C6 /* MedicineDeleteButtonCell.xib */ = {isa = PBXFileReference; fileEncoding = 4; lastKnownFileType = file.xib; path = MedicineDeleteButtonCell.xib; sourceTree = "<group>"; };
		8F0AEF9D1BF971C9008B25C6 /* AddNewProfileViewController.swift */ = {isa = PBXFileReference; fileEncoding = 4; lastKnownFileType = sourcecode.swift; path = AddNewProfileViewController.swift; sourceTree = "<group>"; };
		8F0AEF9F1BF993D4008B25C6 /* SettingsTableViewController.swift */ = {isa = PBXFileReference; fileEncoding = 4; lastKnownFileType = sourcecode.swift; path = SettingsTableViewController.swift; sourceTree = "<group>"; };
		8F0AEFA91BF995F0008B25C6 /* SettingsProfileImageCustomCell.swift */ = {isa = PBXFileReference; fileEncoding = 4; lastKnownFileType = sourcecode.swift; path = SettingsProfileImageCustomCell.swift; sourceTree = "<group>"; };
		8F0AEFAA1BF995F0008B25C6 /* SettingsProfileImageCustomCell.xib */ = {isa = PBXFileReference; fileEncoding = 4; lastKnownFileType = file.xib; path = SettingsProfileImageCustomCell.xib; sourceTree = "<group>"; };
		8F0AEFAD1BF99604008B25C6 /* SettingsProfileDeleteCustomCell.swift */ = {isa = PBXFileReference; fileEncoding = 4; lastKnownFileType = sourcecode.swift; path = SettingsProfileDeleteCustomCell.swift; sourceTree = "<group>"; };
		8F0AEFAE1BF99604008B25C6 /* SettingsProfileDeleteCustomCell.xib */ = {isa = PBXFileReference; fileEncoding = 4; lastKnownFileType = file.xib; path = SettingsProfileDeleteCustomCell.xib; sourceTree = "<group>"; };
		8F3900591BF05DB1006B2C04 /* AddNormalAlarmViewController.swift */ = {isa = PBXFileReference; fileEncoding = 4; lastKnownFileType = sourcecode.swift; path = AddNormalAlarmViewController.swift; sourceTree = "<group>"; };
		8F39005B1BF05DC9006B2C04 /* AddIntervalAlarmViewController.swift */ = {isa = PBXFileReference; fileEncoding = 4; lastKnownFileType = sourcecode.swift; path = AddIntervalAlarmViewController.swift; sourceTree = "<group>"; };
		8F6BA6861BE8064B00ED6120 /* Images.xcassets */ = {isa = PBXFileReference; lastKnownFileType = folder.assetcatalog; path = Images.xcassets; sourceTree = "<group>"; };
		8F6BA6881BE8398400ED6120 /* AddMedicineNameAndTypeViewController.swift */ = {isa = PBXFileReference; fileEncoding = 4; lastKnownFileType = sourcecode.swift; path = AddMedicineNameAndTypeViewController.swift; sourceTree = "<group>"; };
		8F6BA68A1BE83F1200ED6120 /* AddMedicineDosageViewController.swift */ = {isa = PBXFileReference; fileEncoding = 4; lastKnownFileType = sourcecode.swift; path = AddMedicineDosageViewController.swift; sourceTree = "<group>"; };
		8F81EAAD1BD962D1001C2160 /* ProfileCustomCell.swift */ = {isa = PBXFileReference; fileEncoding = 4; lastKnownFileType = sourcecode.swift; path = ProfileCustomCell.swift; sourceTree = "<group>"; };
		8F81EAAE1BD962D1001C2160 /* ProfileCustomCell.xib */ = {isa = PBXFileReference; fileEncoding = 4; lastKnownFileType = file.xib; path = ProfileCustomCell.xib; sourceTree = "<group>"; };
		8F81EAB11BD9D5A3001C2160 /* ProfileDetailScreen.swift */ = {isa = PBXFileReference; fileEncoding = 4; lastKnownFileType = sourcecode.swift; path = ProfileDetailScreen.swift; sourceTree = "<group>"; };
		8F85D46E1BF19D4B00555FD0 /* Alarm+CoreDataProperties.swift */ = {isa = PBXFileReference; fileEncoding = 4; lastKnownFileType = sourcecode.swift; name = "Alarm+CoreDataProperties.swift"; path = "../Alarm+CoreDataProperties.swift"; sourceTree = "<group>"; };
		8F85D46F1BF19D4B00555FD0 /* Alarm.swift */ = {isa = PBXFileReference; fileEncoding = 4; lastKnownFileType = sourcecode.swift; name = Alarm.swift; path = ../Alarm.swift; sourceTree = "<group>"; };
		8F8E47361BC22BA30021E93A /* MedKeeper.app */ = {isa = PBXFileReference; explicitFileType = wrapper.application; includeInIndex = 0; path = MedKeeper.app; sourceTree = BUILT_PRODUCTS_DIR; };
		8F8E47391BC22BA30021E93A /* AppDelegate.swift */ = {isa = PBXFileReference; lastKnownFileType = sourcecode.swift; path = AppDelegate.swift; sourceTree = "<group>"; };
		8F8E473B1BC22BA30021E93A /* ProfileViewController.swift */ = {isa = PBXFileReference; lastKnownFileType = sourcecode.swift; path = ProfileViewController.swift; sourceTree = "<group>"; };
		8F8E473D1BC22BA30021E93A /* AlarmsViewController.swift */ = {isa = PBXFileReference; lastKnownFileType = sourcecode.swift; path = AlarmsViewController.swift; sourceTree = "<group>"; };
		8F8E47401BC22BA30021E93A /* Base */ = {isa = PBXFileReference; lastKnownFileType = file.storyboard; name = Base; path = Base.lproj/Main.storyboard; sourceTree = "<group>"; };
		8F8E47451BC22BA30021E93A /* Base */ = {isa = PBXFileReference; lastKnownFileType = file.storyboard; name = Base; path = Base.lproj/LaunchScreen.storyboard; sourceTree = "<group>"; };
		8F8E47471BC22BA30021E93A /* Info.plist */ = {isa = PBXFileReference; lastKnownFileType = text.plist.xml; path = Info.plist; sourceTree = "<group>"; };
		8F8E474C1BC22BA30021E93A /* MedKeeper.xctest */ = {isa = PBXFileReference; explicitFileType = wrapper.cfbundle; includeInIndex = 0; path = MedKeeper.xctest; sourceTree = BUILT_PRODUCTS_DIR; };
		8F8E47501BC22BA30021E93A /* MedKeeperTests.swift */ = {isa = PBXFileReference; lastKnownFileType = sourcecode.swift; path = MedKeeperTests.swift; sourceTree = "<group>"; };
		8F8E47521BC22BA30021E93A /* Info.plist */ = {isa = PBXFileReference; lastKnownFileType = text.plist.xml; path = Info.plist; sourceTree = "<group>"; };
		8F8E47571BC22BA30021E93A /* MedKeeper.xctest */ = {isa = PBXFileReference; explicitFileType = wrapper.cfbundle; includeInIndex = 0; path = MedKeeper.xctest; sourceTree = BUILT_PRODUCTS_DIR; };
		8F8E475B1BC22BA30021E93A /* MedKeeperUITests.swift */ = {isa = PBXFileReference; lastKnownFileType = sourcecode.swift; path = MedKeeperUITests.swift; sourceTree = "<group>"; };
		8F8E475D1BC22BA30021E93A /* Info.plist */ = {isa = PBXFileReference; lastKnownFileType = text.plist.xml; path = Info.plist; sourceTree = "<group>"; };
		8F9107941BD745DF001DD4C3 /* NormalAlarmCustomCell.swift */ = {isa = PBXFileReference; fileEncoding = 4; lastKnownFileType = sourcecode.swift; path = NormalAlarmCustomCell.swift; sourceTree = "<group>"; };
		8F9107951BD745DF001DD4C3 /* NormalAlarmCustomCell.xib */ = {isa = PBXFileReference; fileEncoding = 4; lastKnownFileType = file.xib; path = NormalAlarmCustomCell.xib; sourceTree = "<group>"; };
		8F95F3AE1BDF2EED00063281 /* PatientProfile+CoreDataProperties.swift */ = {isa = PBXFileReference; fileEncoding = 4; lastKnownFileType = sourcecode.swift; name = "PatientProfile+CoreDataProperties.swift"; path = "../PatientProfile+CoreDataProperties.swift"; sourceTree = "<group>"; };
		8F95F3AF1BDF2EED00063281 /* PatientProfile.swift */ = {isa = PBXFileReference; fileEncoding = 4; lastKnownFileType = sourcecode.swift; name = PatientProfile.swift; path = ../PatientProfile.swift; sourceTree = "<group>"; };
		8F9C2DAA1BEC3BF2009DF37E /* MedicineHeaderCustomCell.swift */ = {isa = PBXFileReference; fileEncoding = 4; lastKnownFileType = sourcecode.swift; path = MedicineHeaderCustomCell.swift; sourceTree = "<group>"; };
		8F9C2DAB1BEC3BF2009DF37E /* MedicineHeaderCustomCell.xib */ = {isa = PBXFileReference; fileEncoding = 4; lastKnownFileType = file.xib; path = MedicineHeaderCustomCell.xib; sourceTree = "<group>"; };
		8F9C2DAE1BEC3C25009DF37E /* AlarmsCustomCell.swift */ = {isa = PBXFileReference; fileEncoding = 4; lastKnownFileType = sourcecode.swift; path = AlarmsCustomCell.swift; sourceTree = "<group>"; };
		8F9C2DAF1BEC3C25009DF37E /* AlarmsCustomCell.xib */ = {isa = PBXFileReference; fileEncoding = 4; lastKnownFileType = file.xib; path = AlarmsCustomCell.xib; sourceTree = "<group>"; };
		8F9C2DB21BEC6A4D009DF37E /* Medicine+CoreDataProperties.swift */ = {isa = PBXFileReference; fileEncoding = 4; lastKnownFileType = sourcecode.swift; name = "Medicine+CoreDataProperties.swift"; path = "../Medicine+CoreDataProperties.swift"; sourceTree = "<group>"; };
		8F9C2DB31BEC6A4D009DF37E /* Medicine.swift */ = {isa = PBXFileReference; fileEncoding = 4; lastKnownFileType = sourcecode.swift; name = Medicine.swift; path = ../Medicine.swift; sourceTree = "<group>"; };
		8F9C2DB81BEDA6FA009DF37E /* MedicineDetailViewController.swift */ = {isa = PBXFileReference; fileEncoding = 4; lastKnownFileType = sourcecode.swift; path = MedicineDetailViewController.swift; sourceTree = "<group>"; };
		8F9C2DBA1BEEF9DD009DF37E /* AddAlarmTypeViewController.swift */ = {isa = PBXFileReference; fileEncoding = 4; lastKnownFileType = sourcecode.swift; path = AddAlarmTypeViewController.swift; sourceTree = "<group>"; };
		8FDF4D871BDC917D00F1FA31 /* DataModel.xcdatamodel */ = {isa = PBXFileReference; lastKnownFileType = wrapper.xcdatamodel; path = DataModel.xcdatamodel; sourceTree = "<group>"; };
		8FE319941BF6D9C200DFE96A /* NoAlarmsCustomCell.swift */ = {isa = PBXFileReference; fileEncoding = 4; lastKnownFileType = sourcecode.swift; path = NoAlarmsCustomCell.swift; sourceTree = "<group>"; };
		8FE319951BF6D9C200DFE96A /* NoAlarmsCustomCell.xib */ = {isa = PBXFileReference; fileEncoding = 4; lastKnownFileType = file.xib; path = NoAlarmsCustomCell.xib; sourceTree = "<group>"; };
/* End PBXFileReference section */

/* Begin PBXFrameworksBuildPhase section */
		8F8E47331BC22BA30021E93A /* Frameworks */ = {
			isa = PBXFrameworksBuildPhase;
			buildActionMask = 2147483647;
			files = (
			);
			runOnlyForDeploymentPostprocessing = 0;
		};
		8F8E47491BC22BA30021E93A /* Frameworks */ = {
			isa = PBXFrameworksBuildPhase;
			buildActionMask = 2147483647;
			files = (
			);
			runOnlyForDeploymentPostprocessing = 0;
		};
		8F8E47541BC22BA30021E93A /* Frameworks */ = {
			isa = PBXFrameworksBuildPhase;
			buildActionMask = 2147483647;
			files = (
			);
			runOnlyForDeploymentPostprocessing = 0;
		};
/* End PBXFrameworksBuildPhase section */

/* Begin PBXGroup section */
		8F0AEF901BF85ED6008B25C6 /* Medicine Detail */ = {
			isa = PBXGroup;
			children = (
				8F9C2DB81BEDA6FA009DF37E /* MedicineDetailViewController.swift */,
				8F0AEF911BF865AD008B25C6 /* MedicineImageCustomCell.swift */,
				8F0AEF921BF865AD008B25C6 /* MedicineImageCustomCell.xib */,
				8F0AEF8C1BF84EF9008B25C6 /* MedicineDetailCustomCell.swift */,
				8F0AEF8D1BF84EF9008B25C6 /* MedicineDetailCustomCell.xib */,
				8F0AEF951BF93966008B25C6 /* MedicineAddAlarmButtonCell.swift */,
				8F0AEF961BF93966008B25C6 /* MedicineAddAlarmButtonCell.xib */,
				8F0AEF991BF93A0A008B25C6 /* MedicineDeleteButtonCell.swift */,
				8F0AEF9A1BF93A0A008B25C6 /* MedicineDeleteButtonCell.xib */,
			);
			name = "Medicine Detail";
			sourceTree = "<group>";
		};
		8F81EAAB1BD9628E001C2160 /* Profile Table View */ = {
			isa = PBXGroup;
			children = (
				8F8E473B1BC22BA30021E93A /* ProfileViewController.swift */,
				8F81EAAD1BD962D1001C2160 /* ProfileCustomCell.swift */,
				8F81EAAE1BD962D1001C2160 /* ProfileCustomCell.xib */,
				8F0AEF9D1BF971C9008B25C6 /* AddNewProfileViewController.swift */,
				8F81EAB11BD9D5A3001C2160 /* ProfileDetailScreen.swift */,
			);
			name = "Profile Table View";
			sourceTree = "<group>";
		};
		8F81EAAC1BD96297001C2160 /* Alarms Table View */ = {
			isa = PBXGroup;
			children = (
				8F8E473D1BC22BA30021E93A /* AlarmsViewController.swift */,
				8F9C2DAA1BEC3BF2009DF37E /* MedicineHeaderCustomCell.swift */,
				8F9C2DAB1BEC3BF2009DF37E /* MedicineHeaderCustomCell.xib */,
				8F9C2DAE1BEC3C25009DF37E /* AlarmsCustomCell.swift */,
				8F9C2DAF1BEC3C25009DF37E /* AlarmsCustomCell.xib */,
				8FE319941BF6D9C200DFE96A /* NoAlarmsCustomCell.swift */,
				8FE319951BF6D9C200DFE96A /* NoAlarmsCustomCell.xib */,
			);
			name = "Alarms Table View";
			sourceTree = "<group>";
		};
		8F8E472D1BC22BA30021E93A = {
			isa = PBXGroup;
			children = (
				8F8E47381BC22BA30021E93A /* MedKeeper */,
				8F8E474F1BC22BA30021E93A /* MedKeeperTests */,
				8F8E475A1BC22BA30021E93A /* MedKeeperUITests */,
				8F8E47371BC22BA30021E93A /* Products */,
			);
			sourceTree = "<group>";
		};
		8F8E47371BC22BA30021E93A /* Products */ = {
			isa = PBXGroup;
			children = (
				8F8E47361BC22BA30021E93A /* MedKeeper.app */,
				8F8E474C1BC22BA30021E93A /* MedKeeper.xctest */,
				8F8E47571BC22BA30021E93A /* MedKeeper.xctest */,
			);
			name = Products;
			sourceTree = "<group>";
		};
		8F8E47381BC22BA30021E93A /* MedKeeper */ = {
			isa = PBXGroup;
			children = (
				8F8E47391BC22BA30021E93A /* AppDelegate.swift */,
				8F8E47441BC22BA30021E93A /* LaunchScreen.storyboard */,
				8F8E473F1BC22BA30021E93A /* Main.storyboard */,
				8F95F3B21BDF2EF700063281 /* Data Model */,
				8F81EAAB1BD9628E001C2160 /* Profile Table View */,
				8F81EAAC1BD96297001C2160 /* Alarms Table View */,
				8FEEC4BA1BE7EDB60031A1DC /* Add Medicine/Alarm */,
				8F0AEF901BF85ED6008B25C6 /* Medicine Detail */,
				8F9CC41F1BCB2D570011CF37 /* Settings */,
				8F6BA6861BE8064B00ED6120 /* Images.xcassets */,
				8F8E47471BC22BA30021E93A /* Info.plist */,
			);
			path = MedKeeper;
			sourceTree = "<group>";
		};
		8F8E474F1BC22BA30021E93A /* MedKeeperTests */ = {
			isa = PBXGroup;
			children = (
				8F8E47501BC22BA30021E93A /* MedKeeperTests.swift */,
				8F8E47521BC22BA30021E93A /* Info.plist */,
			);
			path = MedKeeperTests;
			sourceTree = "<group>";
		};
		8F8E475A1BC22BA30021E93A /* MedKeeperUITests */ = {
			isa = PBXGroup;
			children = (
				8F8E475B1BC22BA30021E93A /* MedKeeperUITests.swift */,
				8F8E475D1BC22BA30021E93A /* Info.plist */,
			);
			path = MedKeeperUITests;
			sourceTree = "<group>";
		};
		8F95F3B21BDF2EF700063281 /* Data Model */ = {
			isa = PBXGroup;
			children = (
				8FDF4D861BDC917D00F1FA31 /* DataModel.xcdatamodeld */,
				8F95F3AF1BDF2EED00063281 /* PatientProfile.swift */,
				8F95F3AE1BDF2EED00063281 /* PatientProfile+CoreDataProperties.swift */,
				8F9C2DB31BEC6A4D009DF37E /* Medicine.swift */,
				8F9C2DB21BEC6A4D009DF37E /* Medicine+CoreDataProperties.swift */,
				8F85D46F1BF19D4B00555FD0 /* Alarm.swift */,
				8F85D46E1BF19D4B00555FD0 /* Alarm+CoreDataProperties.swift */,
			);
			name = "Data Model";
			sourceTree = "<group>";
		};
		8F9CC41F1BCB2D570011CF37 /* Settings */ = {
			isa = PBXGroup;
			children = (
				8F0AEF9F1BF993D4008B25C6 /* SettingsTableViewController.swift */,
				8F0AEFA91BF995F0008B25C6 /* SettingsProfileImageCustomCell.swift */,
				8F0AEFAA1BF995F0008B25C6 /* SettingsProfileImageCustomCell.xib */,
				8F0AEFAD1BF99604008B25C6 /* SettingsProfileDeleteCustomCell.swift */,
				8F0AEFAE1BF99604008B25C6 /* SettingsProfileDeleteCustomCell.xib */,
			);
			name = Settings;
			sourceTree = "<group>";
		};
		8FEEC4BA1BE7EDB60031A1DC /* Add Medicine/Alarm */ = {
			isa = PBXGroup;
			children = (
				8F6BA6881BE8398400ED6120 /* AddMedicineNameAndTypeViewController.swift */,
				8F6BA68A1BE83F1200ED6120 /* AddMedicineDosageViewController.swift */,
				8F9C2DBA1BEEF9DD009DF37E /* AddAlarmTypeViewController.swift */,
				8F3900591BF05DB1006B2C04 /* AddNormalAlarmViewController.swift */,
				8F9107941BD745DF001DD4C3 /* NormalAlarmCustomCell.swift */,
				8F9107951BD745DF001DD4C3 /* NormalAlarmCustomCell.xib */,
				8F39005B1BF05DC9006B2C04 /* AddIntervalAlarmViewController.swift */,
			);
			name = "Add Medicine/Alarm";
			sourceTree = "<group>";
		};
/* End PBXGroup section */

/* Begin PBXNativeTarget section */
		8F8E47351BC22BA30021E93A /* MedKeeper */ = {
			isa = PBXNativeTarget;
			buildConfigurationList = 8F8E47601BC22BA40021E93A /* Build configuration list for PBXNativeTarget "MedKeeper" */;
			buildPhases = (
				8F8E47321BC22BA30021E93A /* Sources */,
				8F8E47331BC22BA30021E93A /* Frameworks */,
				8F8E47341BC22BA30021E93A /* Resources */,
			);
			buildRules = (
			);
			dependencies = (
			);
			name = MedKeeper;
			productName = MedKeeper;
			productReference = 8F8E47361BC22BA30021E93A /* MedKeeper.app */;
			productType = "com.apple.product-type.application";
		};
		8F8E474B1BC22BA30021E93A /* MedKeeperTests */ = {
			isa = PBXNativeTarget;
			buildConfigurationList = 8F8E47631BC22BA40021E93A /* Build configuration list for PBXNativeTarget "MedKeeperTests" */;
			buildPhases = (
				8F8E47481BC22BA30021E93A /* Sources */,
				8F8E47491BC22BA30021E93A /* Frameworks */,
				8F8E474A1BC22BA30021E93A /* Resources */,
			);
			buildRules = (
			);
			dependencies = (
				8F8E474E1BC22BA30021E93A /* PBXTargetDependency */,
			);
			name = MedKeeperTests;
			productName = MedKeeperTests;
			productReference = 8F8E474C1BC22BA30021E93A /* MedKeeper.xctest */;
			productType = "com.apple.product-type.bundle.unit-test";
		};
		8F8E47561BC22BA30021E93A /* MedKeeperUITests */ = {
			isa = PBXNativeTarget;
			buildConfigurationList = 8F8E47661BC22BA40021E93A /* Build configuration list for PBXNativeTarget "MedKeeperUITests" */;
			buildPhases = (
				8F8E47531BC22BA30021E93A /* Sources */,
				8F8E47541BC22BA30021E93A /* Frameworks */,
				8F8E47551BC22BA30021E93A /* Resources */,
			);
			buildRules = (
			);
			dependencies = (
				8F8E47591BC22BA30021E93A /* PBXTargetDependency */,
			);
			name = MedKeeperUITests;
			productName = MedKeeperUITests;
			productReference = 8F8E47571BC22BA30021E93A /* MedKeeper.xctest */;
			productType = "com.apple.product-type.bundle.ui-testing";
		};
/* End PBXNativeTarget section */

/* Begin PBXProject section */
		8F8E472E1BC22BA30021E93A /* Project object */ = {
			isa = PBXProject;
			attributes = {
				LastUpgradeCheck = 0700;
				ORGANIZATIONNAME = "Round Robin Apps";
				TargetAttributes = {
					8F8E47351BC22BA30021E93A = {
						CreatedOnToolsVersion = 7.0.1;
					};
					8F8E474B1BC22BA30021E93A = {
						CreatedOnToolsVersion = 7.0.1;
						TestTargetID = 8F8E47351BC22BA30021E93A;
					};
					8F8E47561BC22BA30021E93A = {
						CreatedOnToolsVersion = 7.0.1;
						TestTargetID = 8F8E47351BC22BA30021E93A;
					};
				};
			};
			buildConfigurationList = 8F8E47311BC22BA30021E93A /* Build configuration list for PBXProject "MedKeeper" */;
			compatibilityVersion = "Xcode 3.2";
			developmentRegion = English;
			hasScannedForEncodings = 0;
			knownRegions = (
				en,
				Base,
			);
			mainGroup = 8F8E472D1BC22BA30021E93A;
			productRefGroup = 8F8E47371BC22BA30021E93A /* Products */;
			projectDirPath = "";
			projectRoot = "";
			targets = (
				8F8E47351BC22BA30021E93A /* MedKeeper */,
				8F8E474B1BC22BA30021E93A /* MedKeeperTests */,
				8F8E47561BC22BA30021E93A /* MedKeeperUITests */,
			);
		};
/* End PBXProject section */

/* Begin PBXResourcesBuildPhase section */
		8F8E47341BC22BA30021E93A /* Resources */ = {
			isa = PBXResourcesBuildPhase;
			buildActionMask = 2147483647;
			files = (
				8F9107971BD745DF001DD4C3 /* NormalAlarmCustomCell.xib in Resources */,
				8FE319971BF6D9C200DFE96A /* NoAlarmsCustomCell.xib in Resources */,
				8F81EAB01BD962D1001C2160 /* ProfileCustomCell.xib in Resources */,
				8F0AEF8F1BF84EF9008B25C6 /* MedicineDetailCustomCell.xib in Resources */,
				8F9C2DB11BEC3C25009DF37E /* AlarmsCustomCell.xib in Resources */,
				8F0AEF9C1BF93A0A008B25C6 /* MedicineDeleteButtonCell.xib in Resources */,
				8F8E47461BC22BA30021E93A /* LaunchScreen.storyboard in Resources */,
				8F9C2DAD1BEC3BF2009DF37E /* MedicineHeaderCustomCell.xib in Resources */,
				8F0AEFB01BF99604008B25C6 /* SettingsProfileDeleteCustomCell.xib in Resources */,
				8F0AEFAC1BF995F0008B25C6 /* SettingsProfileImageCustomCell.xib in Resources */,
				8F0AEF981BF93966008B25C6 /* MedicineAddAlarmButtonCell.xib in Resources */,
				8F6BA6871BE8064B00ED6120 /* Images.xcassets in Resources */,
				8F0AEF941BF865AD008B25C6 /* MedicineImageCustomCell.xib in Resources */,
				8F8E47411BC22BA30021E93A /* Main.storyboard in Resources */,
			);
			runOnlyForDeploymentPostprocessing = 0;
		};
		8F8E474A1BC22BA30021E93A /* Resources */ = {
			isa = PBXResourcesBuildPhase;
			buildActionMask = 2147483647;
			files = (
			);
			runOnlyForDeploymentPostprocessing = 0;
		};
		8F8E47551BC22BA30021E93A /* Resources */ = {
			isa = PBXResourcesBuildPhase;
			buildActionMask = 2147483647;
			files = (
			);
			runOnlyForDeploymentPostprocessing = 0;
		};
/* End PBXResourcesBuildPhase section */

/* Begin PBXSourcesBuildPhase section */
		8F8E47321BC22BA30021E93A /* Sources */ = {
			isa = PBXSourcesBuildPhase;
			buildActionMask = 2147483647;
			files = (
				8F0AEF9E1BF971C9008B25C6 /* AddNewProfileViewController.swift in Sources */,
				8F0AEFA01BF993D4008B25C6 /* SettingsTableViewController.swift in Sources */,
				8F8E473E1BC22BA30021E93A /* AlarmsViewController.swift in Sources */,
				8F9C2DB51BEC6A4D009DF37E /* Medicine.swift in Sources */,
				8F9C2DAC1BEC3BF2009DF37E /* MedicineHeaderCustomCell.swift in Sources */,
				8F8E473A1BC22BA30021E93A /* AppDelegate.swift in Sources */,
				8F9C2DB01BEC3C25009DF37E /* AlarmsCustomCell.swift in Sources */,
				8F9C2DB41BEC6A4D009DF37E /* Medicine+CoreDataProperties.swift in Sources */,
				8F95F3B01BDF2EED00063281 /* PatientProfile+CoreDataProperties.swift in Sources */,
				8FE319961BF6D9C200DFE96A /* NoAlarmsCustomCell.swift in Sources */,
				8F9C2DB91BEDA6FA009DF37E /* MedicineDetailViewController.swift in Sources */,
				8F0AEF971BF93966008B25C6 /* MedicineAddAlarmButtonCell.swift in Sources */,
				8FDF4D881BDC917D00F1FA31 /* DataModel.xcdatamodeld in Sources */,
				8F0AEF8E1BF84EF9008B25C6 /* MedicineDetailCustomCell.swift in Sources */,
				8F39005C1BF05DC9006B2C04 /* AddIntervalAlarmViewController.swift in Sources */,
				8F8E473C1BC22BA30021E93A /* ProfileViewController.swift in Sources */,
				8F81EAB21BD9D5A3001C2160 /* ProfileDetailScreen.swift in Sources */,
				8F0AEF9B1BF93A0A008B25C6 /* MedicineDeleteButtonCell.swift in Sources */,
				8F0AEFAB1BF995F0008B25C6 /* SettingsProfileImageCustomCell.swift in Sources */,
				8F0AEF931BF865AD008B25C6 /* MedicineImageCustomCell.swift in Sources */,
				8F95F3B11BDF2EED00063281 /* PatientProfile.swift in Sources */,
				8F9C2DBB1BEEF9DD009DF37E /* AddAlarmTypeViewController.swift in Sources */,
				8F6BA68B1BE83F1200ED6120 /* AddMedicineDosageViewController.swift in Sources */,
				8F85D4701BF19D4B00555FD0 /* Alarm+CoreDataProperties.swift in Sources */,
				8F6BA6891BE8398400ED6120 /* AddMedicineNameAndTypeViewController.swift in Sources */,
				8F39005A1BF05DB1006B2C04 /* AddNormalAlarmViewController.swift in Sources */,
				8F9107961BD745DF001DD4C3 /* NormalAlarmCustomCell.swift in Sources */,
				8F85D4711BF19D4B00555FD0 /* Alarm.swift in Sources */,
				8F0AEFAF1BF99604008B25C6 /* SettingsProfileDeleteCustomCell.swift in Sources */,
				8F81EAAF1BD962D1001C2160 /* ProfileCustomCell.swift in Sources */,
			);
			runOnlyForDeploymentPostprocessing = 0;
		};
		8F8E47481BC22BA30021E93A /* Sources */ = {
			isa = PBXSourcesBuildPhase;
			buildActionMask = 2147483647;
			files = (
				8F8E47511BC22BA30021E93A /* MedKeeperTests.swift in Sources */,
			);
			runOnlyForDeploymentPostprocessing = 0;
		};
		8F8E47531BC22BA30021E93A /* Sources */ = {
			isa = PBXSourcesBuildPhase;
			buildActionMask = 2147483647;
			files = (
				8F8E475C1BC22BA30021E93A /* MedKeeperUITests.swift in Sources */,
			);
			runOnlyForDeploymentPostprocessing = 0;
		};
/* End PBXSourcesBuildPhase section */

/* Begin PBXTargetDependency section */
		8F8E474E1BC22BA30021E93A /* PBXTargetDependency */ = {
			isa = PBXTargetDependency;
			target = 8F8E47351BC22BA30021E93A /* MedKeeper */;
			targetProxy = 8F8E474D1BC22BA30021E93A /* PBXContainerItemProxy */;
		};
		8F8E47591BC22BA30021E93A /* PBXTargetDependency */ = {
			isa = PBXTargetDependency;
			target = 8F8E47351BC22BA30021E93A /* MedKeeper */;
			targetProxy = 8F8E47581BC22BA30021E93A /* PBXContainerItemProxy */;
		};
/* End PBXTargetDependency section */

/* Begin PBXVariantGroup section */
		8F8E473F1BC22BA30021E93A /* Main.storyboard */ = {
			isa = PBXVariantGroup;
			children = (
				8F8E47401BC22BA30021E93A /* Base */,
			);
			name = Main.storyboard;
			sourceTree = "<group>";
		};
		8F8E47441BC22BA30021E93A /* LaunchScreen.storyboard */ = {
			isa = PBXVariantGroup;
			children = (
				8F8E47451BC22BA30021E93A /* Base */,
			);
			name = LaunchScreen.storyboard;
			sourceTree = "<group>";
		};
/* End PBXVariantGroup section */

/* Begin XCBuildConfiguration section */
		8F8E475E1BC22BA40021E93A /* Debug */ = {
			isa = XCBuildConfiguration;
			buildSettings = {
				ALWAYS_SEARCH_USER_PATHS = NO;
				CLANG_CXX_LANGUAGE_STANDARD = "gnu++0x";
				CLANG_CXX_LIBRARY = "libc++";
				CLANG_ENABLE_MODULES = YES;
				CLANG_ENABLE_OBJC_ARC = YES;
				CLANG_WARN_BOOL_CONVERSION = YES;
				CLANG_WARN_CONSTANT_CONVERSION = YES;
				CLANG_WARN_DIRECT_OBJC_ISA_USAGE = YES_ERROR;
				CLANG_WARN_EMPTY_BODY = YES;
				CLANG_WARN_ENUM_CONVERSION = YES;
				CLANG_WARN_INT_CONVERSION = YES;
				CLANG_WARN_OBJC_ROOT_CLASS = YES_ERROR;
				CLANG_WARN_UNREACHABLE_CODE = YES;
				CLANG_WARN__DUPLICATE_METHOD_MATCH = YES;
				"CODE_SIGN_IDENTITY[sdk=iphoneos*]" = "iPhone Developer";
				COPY_PHASE_STRIP = NO;
				DEBUG_INFORMATION_FORMAT = dwarf;
				ENABLE_STRICT_OBJC_MSGSEND = YES;
				ENABLE_TESTABILITY = YES;
				GCC_C_LANGUAGE_STANDARD = gnu99;
				GCC_DYNAMIC_NO_PIC = NO;
				GCC_NO_COMMON_BLOCKS = YES;
				GCC_OPTIMIZATION_LEVEL = 0;
				GCC_PREPROCESSOR_DEFINITIONS = (
					"DEBUG=1",
					"$(inherited)",
				);
				GCC_WARN_64_TO_32_BIT_CONVERSION = YES;
				GCC_WARN_ABOUT_RETURN_TYPE = YES_ERROR;
				GCC_WARN_UNDECLARED_SELECTOR = YES;
				GCC_WARN_UNINITIALIZED_AUTOS = YES_AGGRESSIVE;
				GCC_WARN_UNUSED_FUNCTION = YES;
				GCC_WARN_UNUSED_VARIABLE = YES;
				IPHONEOS_DEPLOYMENT_TARGET = 9.0;
				MTL_ENABLE_DEBUG_INFO = YES;
				ONLY_ACTIVE_ARCH = YES;
				SDKROOT = iphoneos;
				SWIFT_OPTIMIZATION_LEVEL = "-Onone";
				TARGETED_DEVICE_FAMILY = "1,2";
			};
			name = Debug;
		};
		8F8E475F1BC22BA40021E93A /* Release */ = {
			isa = XCBuildConfiguration;
			buildSettings = {
				ALWAYS_SEARCH_USER_PATHS = NO;
				CLANG_CXX_LANGUAGE_STANDARD = "gnu++0x";
				CLANG_CXX_LIBRARY = "libc++";
				CLANG_ENABLE_MODULES = YES;
				CLANG_ENABLE_OBJC_ARC = YES;
				CLANG_WARN_BOOL_CONVERSION = YES;
				CLANG_WARN_CONSTANT_CONVERSION = YES;
				CLANG_WARN_DIRECT_OBJC_ISA_USAGE = YES_ERROR;
				CLANG_WARN_EMPTY_BODY = YES;
				CLANG_WARN_ENUM_CONVERSION = YES;
				CLANG_WARN_INT_CONVERSION = YES;
				CLANG_WARN_OBJC_ROOT_CLASS = YES_ERROR;
				CLANG_WARN_UNREACHABLE_CODE = YES;
				CLANG_WARN__DUPLICATE_METHOD_MATCH = YES;
				"CODE_SIGN_IDENTITY[sdk=iphoneos*]" = "iPhone Developer";
				COPY_PHASE_STRIP = NO;
				DEBUG_INFORMATION_FORMAT = "dwarf-with-dsym";
				ENABLE_NS_ASSERTIONS = NO;
				ENABLE_STRICT_OBJC_MSGSEND = YES;
				GCC_C_LANGUAGE_STANDARD = gnu99;
				GCC_NO_COMMON_BLOCKS = YES;
				GCC_WARN_64_TO_32_BIT_CONVERSION = YES;
				GCC_WARN_ABOUT_RETURN_TYPE = YES_ERROR;
				GCC_WARN_UNDECLARED_SELECTOR = YES;
				GCC_WARN_UNINITIALIZED_AUTOS = YES_AGGRESSIVE;
				GCC_WARN_UNUSED_FUNCTION = YES;
				GCC_WARN_UNUSED_VARIABLE = YES;
				IPHONEOS_DEPLOYMENT_TARGET = 9.0;
				MTL_ENABLE_DEBUG_INFO = NO;
				SDKROOT = iphoneos;
				TARGETED_DEVICE_FAMILY = "1,2";
				VALIDATE_PRODUCT = YES;
			};
			name = Release;
		};
		8F8E47611BC22BA40021E93A /* Debug */ = {
			isa = XCBuildConfiguration;
			buildSettings = {
				ASSETCATALOG_COMPILER_APPICON_NAME = AppIcon;
				INFOPLIST_FILE = MedKeeper/Info.plist;
				LD_RUNPATH_SEARCH_PATHS = "$(inherited) @executable_path/Frameworks";
				PRODUCT_BUNDLE_IDENTIFIER = com.roundrobin.MedKeeper;
				PRODUCT_NAME = MedKeeper;
			};
			name = Debug;
		};
		8F8E47621BC22BA40021E93A /* Release */ = {
			isa = XCBuildConfiguration;
			buildSettings = {
				ASSETCATALOG_COMPILER_APPICON_NAME = AppIcon;
				INFOPLIST_FILE = MedKeeper/Info.plist;
				LD_RUNPATH_SEARCH_PATHS = "$(inherited) @executable_path/Frameworks";
				PRODUCT_BUNDLE_IDENTIFIER = com.roundrobin.MedKeeper;
				PRODUCT_NAME = MedKeeper;
			};
			name = Release;
		};
		8F8E47641BC22BA40021E93A /* Debug */ = {
			isa = XCBuildConfiguration;
			buildSettings = {
				BUNDLE_LOADER = "$(TEST_HOST)";
				INFOPLIST_FILE = MedKeeperTests/Info.plist;
				LD_RUNPATH_SEARCH_PATHS = "$(inherited) @executable_path/Frameworks @loader_path/Frameworks";
				PRODUCT_BUNDLE_IDENTIFIER = com.roundrobin.MedKeeperTests;
				PRODUCT_NAME = MedKeeper;
				TEST_HOST = "$(BUILT_PRODUCTS_DIR)/MedKeeper.app/MedKeeper";
			};
			name = Debug;
		};
		8F8E47651BC22BA40021E93A /* Release */ = {
			isa = XCBuildConfiguration;
			buildSettings = {
				BUNDLE_LOADER = "$(TEST_HOST)";
				INFOPLIST_FILE = MedKeeperTests/Info.plist;
				LD_RUNPATH_SEARCH_PATHS = "$(inherited) @executable_path/Frameworks @loader_path/Frameworks";
				PRODUCT_BUNDLE_IDENTIFIER = com.roundrobin.MedKeeperTests;
				PRODUCT_NAME = MedKeeper;
				TEST_HOST = "$(BUILT_PRODUCTS_DIR)/MedKeeper.app/MedKeeper";
			};
			name = Release;
		};
		8F8E47671BC22BA40021E93A /* Debug */ = {
			isa = XCBuildConfiguration;
			buildSettings = {
				INFOPLIST_FILE = MedKeeperUITests/Info.plist;
				LD_RUNPATH_SEARCH_PATHS = "$(inherited) @executable_path/Frameworks @loader_path/Frameworks";
				PRODUCT_BUNDLE_IDENTIFIER = com.roundrobin.MedKeeperUITests;
				PRODUCT_NAME = MedKeeper;
				TEST_TARGET_NAME = MedKeeper;
				USES_XCTRUNNER = YES;
			};
			name = Debug;
		};
		8F8E47681BC22BA40021E93A /* Release */ = {
			isa = XCBuildConfiguration;
			buildSettings = {
				INFOPLIST_FILE = MedKeeperUITests/Info.plist;
				LD_RUNPATH_SEARCH_PATHS = "$(inherited) @executable_path/Frameworks @loader_path/Frameworks";
				PRODUCT_BUNDLE_IDENTIFIER = com.roundrobin.MedKeeperUITests;
				PRODUCT_NAME = MedKeeper;
				TEST_TARGET_NAME = MedKeeper;
				USES_XCTRUNNER = YES;
			};
			name = Release;
		};
/* End XCBuildConfiguration section */

/* Begin XCConfigurationList section */
		8F8E47311BC22BA30021E93A /* Build configuration list for PBXProject "MedKeeper" */ = {
			isa = XCConfigurationList;
			buildConfigurations = (
				8F8E475E1BC22BA40021E93A /* Debug */,
				8F8E475F1BC22BA40021E93A /* Release */,
			);
			defaultConfigurationIsVisible = 0;
			defaultConfigurationName = Release;
		};
		8F8E47601BC22BA40021E93A /* Build configuration list for PBXNativeTarget "MedKeeper" */ = {
			isa = XCConfigurationList;
			buildConfigurations = (
				8F8E47611BC22BA40021E93A /* Debug */,
				8F8E47621BC22BA40021E93A /* Release */,
			);
			defaultConfigurationIsVisible = 0;
			defaultConfigurationName = Release;
		};
		8F8E47631BC22BA40021E93A /* Build configuration list for PBXNativeTarget "MedKeeperTests" */ = {
			isa = XCConfigurationList;
			buildConfigurations = (
				8F8E47641BC22BA40021E93A /* Debug */,
				8F8E47651BC22BA40021E93A /* Release */,
			);
			defaultConfigurationIsVisible = 0;
			defaultConfigurationName = Release;
		};
		8F8E47661BC22BA40021E93A /* Build configuration list for PBXNativeTarget "MedKeeperUITests" */ = {
			isa = XCConfigurationList;
			buildConfigurations = (
				8F8E47671BC22BA40021E93A /* Debug */,
				8F8E47681BC22BA40021E93A /* Release */,
			);
			defaultConfigurationIsVisible = 0;
			defaultConfigurationName = Release;
		};
/* End XCConfigurationList section */

/* Begin XCVersionGroup section */
		8FDF4D861BDC917D00F1FA31 /* DataModel.xcdatamodeld */ = {
			isa = XCVersionGroup;
			children = (
				8FDF4D871BDC917D00F1FA31 /* DataModel.xcdatamodel */,
			);
			currentVersion = 8FDF4D871BDC917D00F1FA31 /* DataModel.xcdatamodel */;
			name = DataModel.xcdatamodeld;
			path = ../DataModel.xcdatamodeld;
			sourceTree = "<group>";
			versionGroupType = wrapper.xcdatamodel;
		};
/* End XCVersionGroup section */
	};
	rootObject = 8F8E472E1BC22BA30021E93A /* Project object */;
}
