// !$*UTF8*$!
{
	archiveVersion = 1;
	classes = {
	};
	objectVersion = 46;
	objects = {

/* Begin PBXBuildFile section */
		8F81EAAF1BD962D1001C2160 /* ProfileCustomCell.swift in Sources */ = {isa = PBXBuildFile; fileRef = 8F81EAAD1BD962D1001C2160 /* ProfileCustomCell.swift */; settings = {ASSET_TAGS = (); }; };
		8F81EAB01BD962D1001C2160 /* ProfileCustomCell.xib in Resources */ = {isa = PBXBuildFile; fileRef = 8F81EAAE1BD962D1001C2160 /* ProfileCustomCell.xib */; settings = {ASSET_TAGS = (); }; };
		8F81EAB21BD9D5A3001C2160 /* ProfileDetailScreen.swift in Sources */ = {isa = PBXBuildFile; fileRef = 8F81EAB11BD9D5A3001C2160 /* ProfileDetailScreen.swift */; settings = {ASSET_TAGS = (); }; };
		8F8E473A1BC22BA30021E93A /* AppDelegate.swift in Sources */ = {isa = PBXBuildFile; fileRef = 8F8E47391BC22BA30021E93A /* AppDelegate.swift */; };
		8F8E473C1BC22BA30021E93A /* ProfileViewController.swift in Sources */ = {isa = PBXBuildFile; fileRef = 8F8E473B1BC22BA30021E93A /* ProfileViewController.swift */; };
		8F8E473E1BC22BA30021E93A /* AlarmsViewController.swift in Sources */ = {isa = PBXBuildFile; fileRef = 8F8E473D1BC22BA30021E93A /* AlarmsViewController.swift */; };
		8F8E47411BC22BA30021E93A /* Main.storyboard in Resources */ = {isa = PBXBuildFile; fileRef = 8F8E473F1BC22BA30021E93A /* Main.storyboard */; };
		8F8E47431BC22BA30021E93A /* Assets.xcassets in Resources */ = {isa = PBXBuildFile; fileRef = 8F8E47421BC22BA30021E93A /* Assets.xcassets */; };
		8F8E47461BC22BA30021E93A /* LaunchScreen.storyboard in Resources */ = {isa = PBXBuildFile; fileRef = 8F8E47441BC22BA30021E93A /* LaunchScreen.storyboard */; };
		8F8E47511BC22BA30021E93A /* MedKeeperTests.swift in Sources */ = {isa = PBXBuildFile; fileRef = 8F8E47501BC22BA30021E93A /* MedKeeperTests.swift */; };
		8F8E475C1BC22BA30021E93A /* MedKeeperUITests.swift in Sources */ = {isa = PBXBuildFile; fileRef = 8F8E475B1BC22BA30021E93A /* MedKeeperUITests.swift */; };
		8F8E476A1BC22C460021E93A /* AddReminderScrollViewController.swift in Sources */ = {isa = PBXBuildFile; fileRef = 8F8E47691BC22C460021E93A /* AddReminderScrollViewController.swift */; settings = {ASSET_TAGS = (); }; };
		8F9107961BD745DF001DD4C3 /* AlarmCustomCell.swift in Sources */ = {isa = PBXBuildFile; fileRef = 8F9107941BD745DF001DD4C3 /* AlarmCustomCell.swift */; settings = {ASSET_TAGS = (); }; };
		8F9107971BD745DF001DD4C3 /* AlarmCustomCell.xib in Resources */ = {isa = PBXBuildFile; fileRef = 8F9107951BD745DF001DD4C3 /* AlarmCustomCell.xib */; settings = {ASSET_TAGS = (); }; };
		8F95F3B01BDF2EED00063281 /* PatientProfile+CoreDataProperties.swift in Sources */ = {isa = PBXBuildFile; fileRef = 8F95F3AE1BDF2EED00063281 /* PatientProfile+CoreDataProperties.swift */; settings = {ASSET_TAGS = (); }; };
		8F95F3B11BDF2EED00063281 /* PatientProfile.swift in Sources */ = {isa = PBXBuildFile; fileRef = 8F95F3AF1BDF2EED00063281 /* PatientProfile.swift */; settings = {ASSET_TAGS = (); }; };
		8F9CC41D1BCB266F0011CF37 /* AddReminderView6.xib in Resources */ = {isa = PBXBuildFile; fileRef = 8F9CC41B1BCB266F0011CF37 /* AddReminderView6.xib */; settings = {ASSET_TAGS = (); }; };
		8F9CC41E1BCB266F0011CF37 /* AddReminderViewController6.swift in Sources */ = {isa = PBXBuildFile; fileRef = 8F9CC41C1BCB266F0011CF37 /* AddReminderViewController6.swift */; settings = {ASSET_TAGS = (); }; };
		8F9CC4211BCB2DD90011CF37 /* AddReminderView5b.xib in Resources */ = {isa = PBXBuildFile; fileRef = 8F9CC4201BCB2DD90011CF37 /* AddReminderView5b.xib */; settings = {ASSET_TAGS = (); }; };
		8F9CC4231BCB350C0011CF37 /* AddReminderViewController5a.swift in Sources */ = {isa = PBXBuildFile; fileRef = 8F9CC4221BCB350C0011CF37 /* AddReminderViewController5a.swift */; settings = {ASSET_TAGS = (); }; };
		8F9CC4251BCB35140011CF37 /* AddReminderViewController5b.swift in Sources */ = {isa = PBXBuildFile; fileRef = 8F9CC4241BCB35140011CF37 /* AddReminderViewController5b.swift */; settings = {ASSET_TAGS = (); }; };
		8FDF4D881BDC917D00F1FA31 /* DataModel.xcdatamodeld in Sources */ = {isa = PBXBuildFile; fileRef = 8FDF4D861BDC917D00F1FA31 /* DataModel.xcdatamodeld */; settings = {ASSET_TAGS = (); }; };
		8FE8AFB51BC37623000FC2FE /* AddReminderView1.xib in Resources */ = {isa = PBXBuildFile; fileRef = 8FE8AFB41BC37623000FC2FE /* AddReminderView1.xib */; settings = {ASSET_TAGS = (); }; };
		8FE8AFB71BC37A21000FC2FE /* AddReminderViewController1.swift in Sources */ = {isa = PBXBuildFile; fileRef = 8FE8AFB61BC37A21000FC2FE /* AddReminderViewController1.swift */; settings = {ASSET_TAGS = (); }; };
		8FE8AFC31BC44037000FC2FE /* AddReminderView3.xib in Resources */ = {isa = PBXBuildFile; fileRef = 8FE8AFC01BC44037000FC2FE /* AddReminderView3.xib */; settings = {ASSET_TAGS = (); }; };
		8FE8AFC41BC44037000FC2FE /* AddReminderView2.xib in Resources */ = {isa = PBXBuildFile; fileRef = 8FE8AFC11BC44037000FC2FE /* AddReminderView2.xib */; settings = {ASSET_TAGS = (); }; };
		8FE8AFC51BC44037000FC2FE /* AddReminderView4.xib in Resources */ = {isa = PBXBuildFile; fileRef = 8FE8AFC21BC44037000FC2FE /* AddReminderView4.xib */; settings = {ASSET_TAGS = (); }; };
		8FE8AFCA1BC446C8000FC2FE /* AddReminderViewController2.swift in Sources */ = {isa = PBXBuildFile; fileRef = 8FE8AFC71BC446C8000FC2FE /* AddReminderViewController2.swift */; settings = {ASSET_TAGS = (); }; };
		8FE8AFCB1BC446C8000FC2FE /* AddReminderViewController3.swift in Sources */ = {isa = PBXBuildFile; fileRef = 8FE8AFC81BC446C8000FC2FE /* AddReminderViewController3.swift */; settings = {ASSET_TAGS = (); }; };
		8FE8AFCC1BC446C8000FC2FE /* AddReminderViewController4.swift in Sources */ = {isa = PBXBuildFile; fileRef = 8FE8AFC91BC446C8000FC2FE /* AddReminderViewController4.swift */; settings = {ASSET_TAGS = (); }; };
		8FFE27841BC868E1001B2A44 /* AddReminderView5a.xib in Resources */ = {isa = PBXBuildFile; fileRef = 8FFE27821BC868E1001B2A44 /* AddReminderView5a.xib */; settings = {ASSET_TAGS = (); }; };
/* End PBXBuildFile section */

/* Begin PBXContainerItemProxy section */
		8F8E474D1BC22BA30021E93A /* PBXContainerItemProxy */ = {
			isa = PBXContainerItemProxy;
			containerPortal = 8F8E472E1BC22BA30021E93A /* Project object */;
			proxyType = 1;
			remoteGlobalIDString = 8F8E47351BC22BA30021E93A;
			remoteInfo = MedKeeper;
		};
		8F8E47581BC22BA30021E93A /* PBXContainerItemProxy */ = {
			isa = PBXContainerItemProxy;
			containerPortal = 8F8E472E1BC22BA30021E93A /* Project object */;
			proxyType = 1;
			remoteGlobalIDString = 8F8E47351BC22BA30021E93A;
			remoteInfo = MedKeeper;
		};
/* End PBXContainerItemProxy section */

/* Begin PBXFileReference section */
		8F81EAAD1BD962D1001C2160 /* ProfileCustomCell.swift */ = {isa = PBXFileReference; fileEncoding = 4; lastKnownFileType = sourcecode.swift; path = ProfileCustomCell.swift; sourceTree = "<group>"; };
		8F81EAAE1BD962D1001C2160 /* ProfileCustomCell.xib */ = {isa = PBXFileReference; fileEncoding = 4; lastKnownFileType = file.xib; path = ProfileCustomCell.xib; sourceTree = "<group>"; };
		8F81EAB11BD9D5A3001C2160 /* ProfileDetailScreen.swift */ = {isa = PBXFileReference; fileEncoding = 4; lastKnownFileType = sourcecode.swift; path = ProfileDetailScreen.swift; sourceTree = "<group>"; };
		8F8E47361BC22BA30021E93A /* MedKeeper.app */ = {isa = PBXFileReference; explicitFileType = wrapper.application; includeInIndex = 0; path = MedKeeper.app; sourceTree = BUILT_PRODUCTS_DIR; };
		8F8E47391BC22BA30021E93A /* AppDelegate.swift */ = {isa = PBXFileReference; lastKnownFileType = sourcecode.swift; path = AppDelegate.swift; sourceTree = "<group>"; };
		8F8E473B1BC22BA30021E93A /* ProfileViewController.swift */ = {isa = PBXFileReference; lastKnownFileType = sourcecode.swift; path = ProfileViewController.swift; sourceTree = "<group>"; };
		8F8E473D1BC22BA30021E93A /* AlarmsViewController.swift */ = {isa = PBXFileReference; lastKnownFileType = sourcecode.swift; path = AlarmsViewController.swift; sourceTree = "<group>"; };
		8F8E47401BC22BA30021E93A /* Base */ = {isa = PBXFileReference; lastKnownFileType = file.storyboard; name = Base; path = Base.lproj/Main.storyboard; sourceTree = "<group>"; };
		8F8E47421BC22BA30021E93A /* Assets.xcassets */ = {isa = PBXFileReference; lastKnownFileType = folder.assetcatalog; path = Assets.xcassets; sourceTree = "<group>"; };
		8F8E47451BC22BA30021E93A /* Base */ = {isa = PBXFileReference; lastKnownFileType = file.storyboard; name = Base; path = Base.lproj/LaunchScreen.storyboard; sourceTree = "<group>"; };
		8F8E47471BC22BA30021E93A /* Info.plist */ = {isa = PBXFileReference; lastKnownFileType = text.plist.xml; path = Info.plist; sourceTree = "<group>"; };
		8F8E474C1BC22BA30021E93A /* MedKeeper.xctest */ = {isa = PBXFileReference; explicitFileType = wrapper.cfbundle; includeInIndex = 0; path = MedKeeper.xctest; sourceTree = BUILT_PRODUCTS_DIR; };
		8F8E47501BC22BA30021E93A /* MedKeeperTests.swift */ = {isa = PBXFileReference; lastKnownFileType = sourcecode.swift; path = MedKeeperTests.swift; sourceTree = "<group>"; };
		8F8E47521BC22BA30021E93A /* Info.plist */ = {isa = PBXFileReference; lastKnownFileType = text.plist.xml; path = Info.plist; sourceTree = "<group>"; };
		8F8E47571BC22BA30021E93A /* MedKeeper.xctest */ = {isa = PBXFileReference; explicitFileType = wrapper.cfbundle; includeInIndex = 0; path = MedKeeper.xctest; sourceTree = BUILT_PRODUCTS_DIR; };
		8F8E475B1BC22BA30021E93A /* MedKeeperUITests.swift */ = {isa = PBXFileReference; lastKnownFileType = sourcecode.swift; path = MedKeeperUITests.swift; sourceTree = "<group>"; };
		8F8E475D1BC22BA30021E93A /* Info.plist */ = {isa = PBXFileReference; lastKnownFileType = text.plist.xml; path = Info.plist; sourceTree = "<group>"; };
		8F8E47691BC22C460021E93A /* AddReminderScrollViewController.swift */ = {isa = PBXFileReference; fileEncoding = 4; lastKnownFileType = sourcecode.swift; path = AddReminderScrollViewController.swift; sourceTree = "<group>"; };
		8F9107941BD745DF001DD4C3 /* AlarmCustomCell.swift */ = {isa = PBXFileReference; fileEncoding = 4; lastKnownFileType = sourcecode.swift; path = AlarmCustomCell.swift; sourceTree = "<group>"; };
		8F9107951BD745DF001DD4C3 /* AlarmCustomCell.xib */ = {isa = PBXFileReference; fileEncoding = 4; lastKnownFileType = file.xib; path = AlarmCustomCell.xib; sourceTree = "<group>"; };
		8F95F3AE1BDF2EED00063281 /* PatientProfile+CoreDataProperties.swift */ = {isa = PBXFileReference; fileEncoding = 4; lastKnownFileType = sourcecode.swift; name = "PatientProfile+CoreDataProperties.swift"; path = "../PatientProfile+CoreDataProperties.swift"; sourceTree = "<group>"; };
		8F95F3AF1BDF2EED00063281 /* PatientProfile.swift */ = {isa = PBXFileReference; fileEncoding = 4; lastKnownFileType = sourcecode.swift; name = PatientProfile.swift; path = ../PatientProfile.swift; sourceTree = "<group>"; };
		8F9CC41B1BCB266F0011CF37 /* AddReminderView6.xib */ = {isa = PBXFileReference; fileEncoding = 4; lastKnownFileType = file.xib; path = AddReminderView6.xib; sourceTree = "<group>"; };
		8F9CC41C1BCB266F0011CF37 /* AddReminderViewController6.swift */ = {isa = PBXFileReference; fileEncoding = 4; lastKnownFileType = sourcecode.swift; path = AddReminderViewController6.swift; sourceTree = "<group>"; };
		8F9CC4201BCB2DD90011CF37 /* AddReminderView5b.xib */ = {isa = PBXFileReference; fileEncoding = 4; lastKnownFileType = file.xib; path = AddReminderView5b.xib; sourceTree = "<group>"; };
		8F9CC4221BCB350C0011CF37 /* AddReminderViewController5a.swift */ = {isa = PBXFileReference; fileEncoding = 4; lastKnownFileType = sourcecode.swift; path = AddReminderViewController5a.swift; sourceTree = "<group>"; };
		8F9CC4241BCB35140011CF37 /* AddReminderViewController5b.swift */ = {isa = PBXFileReference; fileEncoding = 4; lastKnownFileType = sourcecode.swift; path = AddReminderViewController5b.swift; sourceTree = "<group>"; };
		8FDF4D871BDC917D00F1FA31 /* DataModel.xcdatamodel */ = {isa = PBXFileReference; lastKnownFileType = wrapper.xcdatamodel; path = DataModel.xcdatamodel; sourceTree = "<group>"; };
		8FE8AFB41BC37623000FC2FE /* AddReminderView1.xib */ = {isa = PBXFileReference; fileEncoding = 4; lastKnownFileType = file.xib; path = AddReminderView1.xib; sourceTree = "<group>"; };
		8FE8AFB61BC37A21000FC2FE /* AddReminderViewController1.swift */ = {isa = PBXFileReference; fileEncoding = 4; lastKnownFileType = sourcecode.swift; path = AddReminderViewController1.swift; sourceTree = "<group>"; };
		8FE8AFC01BC44037000FC2FE /* AddReminderView3.xib */ = {isa = PBXFileReference; fileEncoding = 4; lastKnownFileType = file.xib; path = AddReminderView3.xib; sourceTree = "<group>"; };
		8FE8AFC11BC44037000FC2FE /* AddReminderView2.xib */ = {isa = PBXFileReference; fileEncoding = 4; lastKnownFileType = file.xib; path = AddReminderView2.xib; sourceTree = "<group>"; };
		8FE8AFC21BC44037000FC2FE /* AddReminderView4.xib */ = {isa = PBXFileReference; fileEncoding = 4; lastKnownFileType = file.xib; path = AddReminderView4.xib; sourceTree = "<group>"; };
		8FE8AFC71BC446C8000FC2FE /* AddReminderViewController2.swift */ = {isa = PBXFileReference; fileEncoding = 4; lastKnownFileType = sourcecode.swift; path = AddReminderViewController2.swift; sourceTree = "<group>"; };
		8FE8AFC81BC446C8000FC2FE /* AddReminderViewController3.swift */ = {isa = PBXFileReference; fileEncoding = 4; lastKnownFileType = sourcecode.swift; path = AddReminderViewController3.swift; sourceTree = "<group>"; };
		8FE8AFC91BC446C8000FC2FE /* AddReminderViewController4.swift */ = {isa = PBXFileReference; fileEncoding = 4; lastKnownFileType = sourcecode.swift; path = AddReminderViewController4.swift; sourceTree = "<group>"; };
		8FFE27821BC868E1001B2A44 /* AddReminderView5a.xib */ = {isa = PBXFileReference; fileEncoding = 4; lastKnownFileType = file.xib; path = AddReminderView5a.xib; sourceTree = "<group>"; };
/* End PBXFileReference section */

/* Begin PBXFrameworksBuildPhase section */
		8F8E47331BC22BA30021E93A /* Frameworks */ = {
			isa = PBXFrameworksBuildPhase;
			buildActionMask = 2147483647;
			files = (
			);
			runOnlyForDeploymentPostprocessing = 0;
		};
		8F8E47491BC22BA30021E93A /* Frameworks */ = {
			isa = PBXFrameworksBuildPhase;
			buildActionMask = 2147483647;
			files = (
			);
			runOnlyForDeploymentPostprocessing = 0;
		};
		8F8E47541BC22BA30021E93A /* Frameworks */ = {
			isa = PBXFrameworksBuildPhase;
			buildActionMask = 2147483647;
			files = (
			);
			runOnlyForDeploymentPostprocessing = 0;
		};
/* End PBXFrameworksBuildPhase section */

/* Begin PBXGroup section */
		8F81EAAB1BD9628E001C2160 /* Profile */ = {
			isa = PBXGroup;
			children = (
				8F8E473B1BC22BA30021E93A /* ProfileViewController.swift */,
				8F81EAAD1BD962D1001C2160 /* ProfileCustomCell.swift */,
				8F81EAAE1BD962D1001C2160 /* ProfileCustomCell.xib */,
				8F81EAB11BD9D5A3001C2160 /* ProfileDetailScreen.swift */,
			);
			name = Profile;
			sourceTree = "<group>";
		};
		8F81EAAC1BD96297001C2160 /* Alarms */ = {
			isa = PBXGroup;
			children = (
				8F8E473D1BC22BA30021E93A /* AlarmsViewController.swift */,
			);
			name = Alarms;
			sourceTree = "<group>";
		};
		8F8E472D1BC22BA30021E93A = {
			isa = PBXGroup;
			children = (
				8F8E47381BC22BA30021E93A /* MedKeeper */,
				8F8E474F1BC22BA30021E93A /* MedKeeperTests */,
				8F8E475A1BC22BA30021E93A /* MedKeeperUITests */,
				8F8E47371BC22BA30021E93A /* Products */,
			);
			sourceTree = "<group>";
		};
		8F8E47371BC22BA30021E93A /* Products */ = {
			isa = PBXGroup;
			children = (
				8F8E47361BC22BA30021E93A /* MedKeeper.app */,
				8F8E474C1BC22BA30021E93A /* MedKeeper.xctest */,
				8F8E47571BC22BA30021E93A /* MedKeeper.xctest */,
			);
			name = Products;
			sourceTree = "<group>";
		};
		8F8E47381BC22BA30021E93A /* MedKeeper */ = {
			isa = PBXGroup;
			children = (
				8F8E47391BC22BA30021E93A /* AppDelegate.swift */,
				8F8E47441BC22BA30021E93A /* LaunchScreen.storyboard */,
				8F8E473F1BC22BA30021E93A /* Main.storyboard */,
				8F95F3B21BDF2EF700063281 /* Data Model */,
				8F81EAAB1BD9628E001C2160 /* Profile */,
				8F81EAAC1BD96297001C2160 /* Alarms */,
				8F9CC41F1BCB2D570011CF37 /* Add Medication */,
				8F8E47421BC22BA30021E93A /* Assets.xcassets */,
				8F8E47471BC22BA30021E93A /* Info.plist */,
			);
			path = MedKeeper;
			sourceTree = "<group>";
		};
		8F8E474F1BC22BA30021E93A /* MedKeeperTests */ = {
			isa = PBXGroup;
			children = (
				8F8E47501BC22BA30021E93A /* MedKeeperTests.swift */,
				8F8E47521BC22BA30021E93A /* Info.plist */,
			);
			path = MedKeeperTests;
			sourceTree = "<group>";
		};
		8F8E475A1BC22BA30021E93A /* MedKeeperUITests */ = {
			isa = PBXGroup;
			children = (
				8F8E475B1BC22BA30021E93A /* MedKeeperUITests.swift */,
				8F8E475D1BC22BA30021E93A /* Info.plist */,
			);
			path = MedKeeperUITests;
			sourceTree = "<group>";
		};
		8F95F3B21BDF2EF700063281 /* Data Model */ = {
			isa = PBXGroup;
			children = (
				8FDF4D861BDC917D00F1FA31 /* DataModel.xcdatamodeld */,
				8F95F3AF1BDF2EED00063281 /* PatientProfile.swift */,
				8F95F3AE1BDF2EED00063281 /* PatientProfile+CoreDataProperties.swift */,
			);
			name = "Data Model";
			sourceTree = "<group>";
		};
		8F9CC41F1BCB2D570011CF37 /* Add Medication */ = {
			isa = PBXGroup;
			children = (
				8F8E47691BC22C460021E93A /* AddReminderScrollViewController.swift */,
				8FE8AFB61BC37A21000FC2FE /* AddReminderViewController1.swift */,
				8FE8AFC71BC446C8000FC2FE /* AddReminderViewController2.swift */,
				8FE8AFC81BC446C8000FC2FE /* AddReminderViewController3.swift */,
				8FE8AFC91BC446C8000FC2FE /* AddReminderViewController4.swift */,
				8F9CC4221BCB350C0011CF37 /* AddReminderViewController5a.swift */,
				8F9107941BD745DF001DD4C3 /* AlarmCustomCell.swift */,
				8F9107951BD745DF001DD4C3 /* AlarmCustomCell.xib */,
				8F9CC4241BCB35140011CF37 /* AddReminderViewController5b.swift */,
				8F9CC41C1BCB266F0011CF37 /* AddReminderViewController6.swift */,
				8FE8AFB41BC37623000FC2FE /* AddReminderView1.xib */,
				8FE8AFC11BC44037000FC2FE /* AddReminderView2.xib */,
				8FE8AFC01BC44037000FC2FE /* AddReminderView3.xib */,
				8FE8AFC21BC44037000FC2FE /* AddReminderView4.xib */,
				8FFE27821BC868E1001B2A44 /* AddReminderView5a.xib */,
				8F9CC4201BCB2DD90011CF37 /* AddReminderView5b.xib */,
				8F9CC41B1BCB266F0011CF37 /* AddReminderView6.xib */,
			);
			name = "Add Medication";
			sourceTree = "<group>";
		};
/* End PBXGroup section */

/* Begin PBXNativeTarget section */
		8F8E47351BC22BA30021E93A /* MedKeeper */ = {
			isa = PBXNativeTarget;
			buildConfigurationList = 8F8E47601BC22BA40021E93A /* Build configuration list for PBXNativeTarget "MedKeeper" */;
			buildPhases = (
				8F8E47321BC22BA30021E93A /* Sources */,
				8F8E47331BC22BA30021E93A /* Frameworks */,
				8F8E47341BC22BA30021E93A /* Resources */,
			);
			buildRules = (
			);
			dependencies = (
			);
			name = MedKeeper;
			productName = MedKeeper;
			productReference = 8F8E47361BC22BA30021E93A /* MedKeeper.app */;
			productType = "com.apple.product-type.application";
		};
		8F8E474B1BC22BA30021E93A /* MedKeeperTests */ = {
			isa = PBXNativeTarget;
			buildConfigurationList = 8F8E47631BC22BA40021E93A /* Build configuration list for PBXNativeTarget "MedKeeperTests" */;
			buildPhases = (
				8F8E47481BC22BA30021E93A /* Sources */,
				8F8E47491BC22BA30021E93A /* Frameworks */,
				8F8E474A1BC22BA30021E93A /* Resources */,
			);
			buildRules = (
			);
			dependencies = (
				8F8E474E1BC22BA30021E93A /* PBXTargetDependency */,
			);
			name = MedKeeperTests;
			productName = MedKeeperTests;
			productReference = 8F8E474C1BC22BA30021E93A /* MedKeeper.xctest */;
			productType = "com.apple.product-type.bundle.unit-test";
		};
		8F8E47561BC22BA30021E93A /* MedKeeperUITests */ = {
			isa = PBXNativeTarget;
			buildConfigurationList = 8F8E47661BC22BA40021E93A /* Build configuration list for PBXNativeTarget "MedKeeperUITests" */;
			buildPhases = (
				8F8E47531BC22BA30021E93A /* Sources */,
				8F8E47541BC22BA30021E93A /* Frameworks */,
				8F8E47551BC22BA30021E93A /* Resources */,
			);
			buildRules = (
			);
			dependencies = (
				8F8E47591BC22BA30021E93A /* PBXTargetDependency */,
			);
			name = MedKeeperUITests;
			productName = MedKeeperUITests;
			productReference = 8F8E47571BC22BA30021E93A /* MedKeeper.xctest */;
			productType = "com.apple.product-type.bundle.ui-testing";
		};
/* End PBXNativeTarget section */

/* Begin PBXProject section */
		8F8E472E1BC22BA30021E93A /* Project object */ = {
			isa = PBXProject;
			attributes = {
				LastUpgradeCheck = 0700;
				ORGANIZATIONNAME = "Round Robin Apps";
				TargetAttributes = {
					8F8E47351BC22BA30021E93A = {
						CreatedOnToolsVersion = 7.0.1;
					};
					8F8E474B1BC22BA30021E93A = {
						CreatedOnToolsVersion = 7.0.1;
						TestTargetID = 8F8E47351BC22BA30021E93A;
					};
					8F8E47561BC22BA30021E93A = {
						CreatedOnToolsVersion = 7.0.1;
						TestTargetID = 8F8E47351BC22BA30021E93A;
					};
				};
			};
			buildConfigurationList = 8F8E47311BC22BA30021E93A /* Build configuration list for PBXProject "MedKeeper" */;
			compatibilityVersion = "Xcode 3.2";
			developmentRegion = English;
			hasScannedForEncodings = 0;
			knownRegions = (
				en,
				Base,
			);
			mainGroup = 8F8E472D1BC22BA30021E93A;
			productRefGroup = 8F8E47371BC22BA30021E93A /* Products */;
			projectDirPath = "";
			projectRoot = "";
			targets = (
				8F8E47351BC22BA30021E93A /* MedKeeper */,
				8F8E474B1BC22BA30021E93A /* MedKeeperTests */,
				8F8E47561BC22BA30021E93A /* MedKeeperUITests */,
			);
		};
/* End PBXProject section */

/* Begin PBXResourcesBuildPhase section */
		8F8E47341BC22BA30021E93A /* Resources */ = {
			isa = PBXResourcesBuildPhase;
			buildActionMask = 2147483647;
			files = (
				8F9107971BD745DF001DD4C3 /* AlarmCustomCell.xib in Resources */,
				8FE8AFC51BC44037000FC2FE /* AddReminderView4.xib in Resources */,
				8F81EAB01BD962D1001C2160 /* ProfileCustomCell.xib in Resources */,
				8FE8AFC31BC44037000FC2FE /* AddReminderView3.xib in Resources */,
				8F9CC41D1BCB266F0011CF37 /* AddReminderView6.xib in Resources */,
				8F8E47461BC22BA30021E93A /* LaunchScreen.storyboard in Resources */,
				8FE8AFC41BC44037000FC2FE /* AddReminderView2.xib in Resources */,
				8FFE27841BC868E1001B2A44 /* AddReminderView5a.xib in Resources */,
				8FE8AFB51BC37623000FC2FE /* AddReminderView1.xib in Resources */,
				8F8E47431BC22BA30021E93A /* Assets.xcassets in Resources */,
				8F8E47411BC22BA30021E93A /* Main.storyboard in Resources */,
				8F9CC4211BCB2DD90011CF37 /* AddReminderView5b.xib in Resources */,
			);
			runOnlyForDeploymentPostprocessing = 0;
		};
		8F8E474A1BC22BA30021E93A /* Resources */ = {
			isa = PBXResourcesBuildPhase;
			buildActionMask = 2147483647;
			files = (
			);
			runOnlyForDeploymentPostprocessing = 0;
		};
		8F8E47551BC22BA30021E93A /* Resources */ = {
			isa = PBXResourcesBuildPhase;
			buildActionMask = 2147483647;
			files = (
			);
			runOnlyForDeploymentPostprocessing = 0;
		};
/* End PBXResourcesBuildPhase section */

/* Begin PBXSourcesBuildPhase section */
		8F8E47321BC22BA30021E93A /* Sources */ = {
			isa = PBXSourcesBuildPhase;
			buildActionMask = 2147483647;
			files = (
				8F8E473E1BC22BA30021E93A /* AlarmsViewController.swift in Sources */,
				8F8E473A1BC22BA30021E93A /* AppDelegate.swift in Sources */,
				8FE8AFCC1BC446C8000FC2FE /* AddReminderViewController4.swift in Sources */,
				8F95F3B01BDF2EED00063281 /* PatientProfile+CoreDataProperties.swift in Sources */,
				8F9CC4231BCB350C0011CF37 /* AddReminderViewController5a.swift in Sources */,
				8F8E476A1BC22C460021E93A /* AddReminderScrollViewController.swift in Sources */,
				8F9CC41E1BCB266F0011CF37 /* AddReminderViewController6.swift in Sources */,
				8FDF4D881BDC917D00F1FA31 /* DataModel.xcdatamodeld in Sources */,
				8FE8AFCB1BC446C8000FC2FE /* AddReminderViewController3.swift in Sources */,
				8F8E473C1BC22BA30021E93A /* ProfileViewController.swift in Sources */,
				8F81EAB21BD9D5A3001C2160 /* ProfileDetailScreen.swift in Sources */,
				8FE8AFCA1BC446C8000FC2FE /* AddReminderViewController2.swift in Sources */,
				8F95F3B11BDF2EED00063281 /* PatientProfile.swift in Sources */,
				8FE8AFB71BC37A21000FC2FE /* AddReminderViewController1.swift in Sources */,
				8F9CC4251BCB35140011CF37 /* AddReminderViewController5b.swift in Sources */,
				8F9107961BD745DF001DD4C3 /* AlarmCustomCell.swift in Sources */,
				8F81EAAF1BD962D1001C2160 /* ProfileCustomCell.swift in Sources */,
			);
			runOnlyForDeploymentPostprocessing = 0;
		};
		8F8E47481BC22BA30021E93A /* Sources */ = {
			isa = PBXSourcesBuildPhase;
			buildActionMask = 2147483647;
			files = (
				8F8E47511BC22BA30021E93A /* MedKeeperTests.swift in Sources */,
			);
			runOnlyForDeploymentPostprocessing = 0;
		};
		8F8E47531BC22BA30021E93A /* Sources */ = {
			isa = PBXSourcesBuildPhase;
			buildActionMask = 2147483647;
			files = (
				8F8E475C1BC22BA30021E93A /* MedKeeperUITests.swift in Sources */,
			);
			runOnlyForDeploymentPostprocessing = 0;
		};
/* End PBXSourcesBuildPhase section */

/* Begin PBXTargetDependency section */
		8F8E474E1BC22BA30021E93A /* PBXTargetDependency */ = {
			isa = PBXTargetDependency;
			target = 8F8E47351BC22BA30021E93A /* MedKeeper */;
			targetProxy = 8F8E474D1BC22BA30021E93A /* PBXContainerItemProxy */;
		};
		8F8E47591BC22BA30021E93A /* PBXTargetDependency */ = {
			isa = PBXTargetDependency;
			target = 8F8E47351BC22BA30021E93A /* MedKeeper */;
			targetProxy = 8F8E47581BC22BA30021E93A /* PBXContainerItemProxy */;
		};
/* End PBXTargetDependency section */

/* Begin PBXVariantGroup section */
		8F8E473F1BC22BA30021E93A /* Main.storyboard */ = {
			isa = PBXVariantGroup;
			children = (
				8F8E47401BC22BA30021E93A /* Base */,
			);
			name = Main.storyboard;
			sourceTree = "<group>";
		};
		8F8E47441BC22BA30021E93A /* LaunchScreen.storyboard */ = {
			isa = PBXVariantGroup;
			children = (
				8F8E47451BC22BA30021E93A /* Base */,
			);
			name = LaunchScreen.storyboard;
			sourceTree = "<group>";
		};
/* End PBXVariantGroup section */

/* Begin XCBuildConfiguration section */
		8F8E475E1BC22BA40021E93A /* Debug */ = {
			isa = XCBuildConfiguration;
			buildSettings = {
				ALWAYS_SEARCH_USER_PATHS = NO;
				CLANG_CXX_LANGUAGE_STANDARD = "gnu++0x";
				CLANG_CXX_LIBRARY = "libc++";
				CLANG_ENABLE_MODULES = YES;
				CLANG_ENABLE_OBJC_ARC = YES;
				CLANG_WARN_BOOL_CONVERSION = YES;
				CLANG_WARN_CONSTANT_CONVERSION = YES;
				CLANG_WARN_DIRECT_OBJC_ISA_USAGE = YES_ERROR;
				CLANG_WARN_EMPTY_BODY = YES;
				CLANG_WARN_ENUM_CONVERSION = YES;
				CLANG_WARN_INT_CONVERSION = YES;
				CLANG_WARN_OBJC_ROOT_CLASS = YES_ERROR;
				CLANG_WARN_UNREACHABLE_CODE = YES;
				CLANG_WARN__DUPLICATE_METHOD_MATCH = YES;
				"CODE_SIGN_IDENTITY[sdk=iphoneos*]" = "iPhone Developer";
				COPY_PHASE_STRIP = NO;
				DEBUG_INFORMATION_FORMAT = dwarf;
				ENABLE_STRICT_OBJC_MSGSEND = YES;
				ENABLE_TESTABILITY = YES;
				GCC_C_LANGUAGE_STANDARD = gnu99;
				GCC_DYNAMIC_NO_PIC = NO;
				GCC_NO_COMMON_BLOCKS = YES;
				GCC_OPTIMIZATION_LEVEL = 0;
				GCC_PREPROCESSOR_DEFINITIONS = (
					"DEBUG=1",
					"$(inherited)",
				);
				GCC_WARN_64_TO_32_BIT_CONVERSION = YES;
				GCC_WARN_ABOUT_RETURN_TYPE = YES_ERROR;
				GCC_WARN_UNDECLARED_SELECTOR = YES;
				GCC_WARN_UNINITIALIZED_AUTOS = YES_AGGRESSIVE;
				GCC_WARN_UNUSED_FUNCTION = YES;
				GCC_WARN_UNUSED_VARIABLE = YES;
				IPHONEOS_DEPLOYMENT_TARGET = 9.0;
				MTL_ENABLE_DEBUG_INFO = YES;
				ONLY_ACTIVE_ARCH = YES;
				SDKROOT = iphoneos;
				SWIFT_OPTIMIZATION_LEVEL = "-Onone";
				TARGETED_DEVICE_FAMILY = "1,2";
			};
			name = Debug;
		};
		8F8E475F1BC22BA40021E93A /* Release */ = {
			isa = XCBuildConfiguration;
			buildSettings = {
				ALWAYS_SEARCH_USER_PATHS = NO;
				CLANG_CXX_LANGUAGE_STANDARD = "gnu++0x";
				CLANG_CXX_LIBRARY = "libc++";
				CLANG_ENABLE_MODULES = YES;
				CLANG_ENABLE_OBJC_ARC = YES;
				CLANG_WARN_BOOL_CONVERSION = YES;
				CLANG_WARN_CONSTANT_CONVERSION = YES;
				CLANG_WARN_DIRECT_OBJC_ISA_USAGE = YES_ERROR;
				CLANG_WARN_EMPTY_BODY = YES;
				CLANG_WARN_ENUM_CONVERSION = YES;
				CLANG_WARN_INT_CONVERSION = YES;
				CLANG_WARN_OBJC_ROOT_CLASS = YES_ERROR;
				CLANG_WARN_UNREACHABLE_CODE = YES;
				CLANG_WARN__DUPLICATE_METHOD_MATCH = YES;
				"CODE_SIGN_IDENTITY[sdk=iphoneos*]" = "iPhone Developer";
				COPY_PHASE_STRIP = NO;
				DEBUG_INFORMATION_FORMAT = "dwarf-with-dsym";
				ENABLE_NS_ASSERTIONS = NO;
				ENABLE_STRICT_OBJC_MSGSEND = YES;
				GCC_C_LANGUAGE_STANDARD = gnu99;
				GCC_NO_COMMON_BLOCKS = YES;
				GCC_WARN_64_TO_32_BIT_CONVERSION = YES;
				GCC_WARN_ABOUT_RETURN_TYPE = YES_ERROR;
				GCC_WARN_UNDECLARED_SELECTOR = YES;
				GCC_WARN_UNINITIALIZED_AUTOS = YES_AGGRESSIVE;
				GCC_WARN_UNUSED_FUNCTION = YES;
				GCC_WARN_UNUSED_VARIABLE = YES;
				IPHONEOS_DEPLOYMENT_TARGET = 9.0;
				MTL_ENABLE_DEBUG_INFO = NO;
				SDKROOT = iphoneos;
				TARGETED_DEVICE_FAMILY = "1,2";
				VALIDATE_PRODUCT = YES;
			};
			name = Release;
		};
		8F8E47611BC22BA40021E93A /* Debug */ = {
			isa = XCBuildConfiguration;
			buildSettings = {
				ASSETCATALOG_COMPILER_APPICON_NAME = AppIcon;
				INFOPLIST_FILE = MedKeeper/Info.plist;
				LD_RUNPATH_SEARCH_PATHS = "$(inherited) @executable_path/Frameworks";
				PRODUCT_BUNDLE_IDENTIFIER = com.roundrobin.MedKeeper;
				PRODUCT_NAME = MedKeeper;
			};
			name = Debug;
		};
		8F8E47621BC22BA40021E93A /* Release */ = {
			isa = XCBuildConfiguration;
			buildSettings = {
				ASSETCATALOG_COMPILER_APPICON_NAME = AppIcon;
				INFOPLIST_FILE = MedKeeper/Info.plist;
				LD_RUNPATH_SEARCH_PATHS = "$(inherited) @executable_path/Frameworks";
				PRODUCT_BUNDLE_IDENTIFIER = com.roundrobin.MedKeeper;
				PRODUCT_NAME = MedKeeper;
			};
			name = Release;
		};
		8F8E47641BC22BA40021E93A /* Debug */ = {
			isa = XCBuildConfiguration;
			buildSettings = {
				BUNDLE_LOADER = "$(TEST_HOST)";
				INFOPLIST_FILE = MedKeeperTests/Info.plist;
				LD_RUNPATH_SEARCH_PATHS = "$(inherited) @executable_path/Frameworks @loader_path/Frameworks";
				PRODUCT_BUNDLE_IDENTIFIER = com.roundrobin.MedKeeperTests;
				PRODUCT_NAME = MedKeeper;
				TEST_HOST = "$(BUILT_PRODUCTS_DIR)/MedKeeper.app/MedKeeper";
			};
			name = Debug;
		};
		8F8E47651BC22BA40021E93A /* Release */ = {
			isa = XCBuildConfiguration;
			buildSettings = {
				BUNDLE_LOADER = "$(TEST_HOST)";
				INFOPLIST_FILE = MedKeeperTests/Info.plist;
				LD_RUNPATH_SEARCH_PATHS = "$(inherited) @executable_path/Frameworks @loader_path/Frameworks";
				PRODUCT_BUNDLE_IDENTIFIER = com.roundrobin.MedKeeperTests;
				PRODUCT_NAME = MedKeeper;
				TEST_HOST = "$(BUILT_PRODUCTS_DIR)/MedKeeper.app/MedKeeper";
			};
			name = Release;
		};
		8F8E47671BC22BA40021E93A /* Debug */ = {
			isa = XCBuildConfiguration;
			buildSettings = {
				INFOPLIST_FILE = MedKeeperUITests/Info.plist;
				LD_RUNPATH_SEARCH_PATHS = "$(inherited) @executable_path/Frameworks @loader_path/Frameworks";
				PRODUCT_BUNDLE_IDENTIFIER = com.roundrobin.MedKeeperUITests;
				PRODUCT_NAME = MedKeeper;
				TEST_TARGET_NAME = MedKeeper;
				USES_XCTRUNNER = YES;
			};
			name = Debug;
		};
		8F8E47681BC22BA40021E93A /* Release */ = {
			isa = XCBuildConfiguration;
			buildSettings = {
				INFOPLIST_FILE = MedKeeperUITests/Info.plist;
				LD_RUNPATH_SEARCH_PATHS = "$(inherited) @executable_path/Frameworks @loader_path/Frameworks";
				PRODUCT_BUNDLE_IDENTIFIER = com.roundrobin.MedKeeperUITests;
				PRODUCT_NAME = MedKeeper;
				TEST_TARGET_NAME = MedKeeper;
				USES_XCTRUNNER = YES;
			};
			name = Release;
		};
/* End XCBuildConfiguration section */

/* Begin XCConfigurationList section */
		8F8E47311BC22BA30021E93A /* Build configuration list for PBXProject "MedKeeper" */ = {
			isa = XCConfigurationList;
			buildConfigurations = (
				8F8E475E1BC22BA40021E93A /* Debug */,
				8F8E475F1BC22BA40021E93A /* Release */,
			);
			defaultConfigurationIsVisible = 0;
			defaultConfigurationName = Release;
		};
		8F8E47601BC22BA40021E93A /* Build configuration list for PBXNativeTarget "MedKeeper" */ = {
			isa = XCConfigurationList;
			buildConfigurations = (
				8F8E47611BC22BA40021E93A /* Debug */,
				8F8E47621BC22BA40021E93A /* Release */,
			);
			defaultConfigurationIsVisible = 0;
			defaultConfigurationName = Release;
		};
		8F8E47631BC22BA40021E93A /* Build configuration list for PBXNativeTarget "MedKeeperTests" */ = {
			isa = XCConfigurationList;
			buildConfigurations = (
				8F8E47641BC22BA40021E93A /* Debug */,
				8F8E47651BC22BA40021E93A /* Release */,
			);
			defaultConfigurationIsVisible = 0;
			defaultConfigurationName = Release;
		};
		8F8E47661BC22BA40021E93A /* Build configuration list for PBXNativeTarget "MedKeeperUITests" */ = {
			isa = XCConfigurationList;
			buildConfigurations = (
				8F8E47671BC22BA40021E93A /* Debug */,
				8F8E47681BC22BA40021E93A /* Release */,
			);
			defaultConfigurationIsVisible = 0;
			defaultConfigurationName = Release;
		};
/* End XCConfigurationList section */

/* Begin XCVersionGroup section */
		8FDF4D861BDC917D00F1FA31 /* DataModel.xcdatamodeld */ = {
			isa = XCVersionGroup;
			children = (
				8FDF4D871BDC917D00F1FA31 /* DataModel.xcdatamodel */,
			);
			currentVersion = 8FDF4D871BDC917D00F1FA31 /* DataModel.xcdatamodel */;
			name = DataModel.xcdatamodeld;
			path = ../DataModel.xcdatamodeld;
			sourceTree = "<group>";
			versionGroupType = wrapper.xcdatamodel;
		};
/* End XCVersionGroup section */
	};
	rootObject = 8F8E472E1BC22BA30021E93A /* Project object */;
}
